<?xml version="1.0" encoding="utf-8"?>
<Project ToolsVersion="4.0" xmlns="http://schemas.microsoft.com/developer/msbuild/2003">
  <ItemGroup>
    <Filter Include="Source Files">
      <UniqueIdentifier>{4FC737F1-C7A5-4376-A066-2A32D752A2FF}</UniqueIdentifier>
      <Extensions>cpp;c;cc;cxx;def;odl;idl;hpj;bat;asm;asmx</Extensions>
    </Filter>
    <Filter Include="Header Files">
      <UniqueIdentifier>{93995380-89BD-4b04-88EB-625FBE52EBFB}</UniqueIdentifier>
      <Extensions>h;hh;hpp;hxx;hm;inl;inc;xsd</Extensions>
    </Filter>
    <Filter Include="Resource Files">
      <UniqueIdentifier>{67DA6AB6-F800-4c08-8B7A-83BB121AAD01}</UniqueIdentifier>
      <Extensions>rc;ico;cur;bmp;dlg;rc2;rct;bin;rgs;gif;jpg;jpeg;jpe;resx;tiff;tif;png;wav;mfcribbon-ms</Extensions>
    </Filter>
  </ItemGroup>
  <ItemGroup>
    <ClInclude Include="Resource.h">
      <Filter>Header Files</Filter>
    </ClInclude>
    <ClInclude Include="src\Puzzle\Block.h">
      <Filter>Header Files</Filter>
    </ClInclude>
    <ClInclude Include="src\Puzzle\BobsGame.h">
      <Filter>Header Files</Filter>
    </ClInclude>
    <ClInclude Include="src\Puzzle\GameLogic.h">
      <Filter>Header Files</Filter>
    </ClInclude>
    <ClInclude Include="src\Puzzle\Grid.h">
      <Filter>Header Files</Filter>
    </ClInclude>
    <ClInclude Include="src\Puzzle\Piece.h">
      <Filter>Header Files</Filter>
    </ClInclude>
    <ClInclude Include="src\Utility\audio\AudioManager.h">
      <Filter>Header Files</Filter>
    </ClInclude>
    <ClInclude Include="src\Utility\AssetData.h">
      <Filter>Header Files</Filter>
    </ClInclude>
    <ClInclude Include="src\Utility\ControlsManager.h">
      <Filter>Header Files</Filter>
    </ClInclude>
    <ClInclude Include="src\Utility\System.h">
      <Filter>Header Files</Filter>
    </ClInclude>
    <ClInclude Include="src\Utility\stringconverter.h">
      <Filter>Header Files</Filter>
    </ClInclude>
    <ClInclude Include="src\Utility\gl\GLUtils.h">
      <Filter>Header Files</Filter>
    </ClInclude>
    <ClInclude Include="src\Engine\cinematics\CinematicsManager.h">
      <Filter>Header Files</Filter>
    </ClInclude>
    <ClInclude Include="src\Engine\cinematics\Letterbox.h">
      <Filter>Header Files</Filter>
    </ClInclude>
    <ClInclude Include="src\Engine\cinematics\ScreenOverlay.h">
      <Filter>Header Files</Filter>
    </ClInclude>
    <ClInclude Include="src\Engine\entity\Cameraman.h">
      <Filter>Header Files</Filter>
    </ClInclude>
    <ClInclude Include="src\Engine\entity\Character.h">
      <Filter>Header Files</Filter>
    </ClInclude>
    <ClInclude Include="src\Engine\entity\Entity.h">
      <Filter>Header Files</Filter>
    </ClInclude>
    <ClInclude Include="src\Engine\entity\PathFinder.h">
      <Filter>Header Files</Filter>
    </ClInclude>
    <ClInclude Include="src\Engine\entity\RandomCharacter.h">
      <Filter>Header Files</Filter>
    </ClInclude>
    <ClInclude Include="src\Engine\entity\ScreenSprite.h">
      <Filter>Header Files</Filter>
    </ClInclude>
    <ClInclude Include="src\Engine\entity\SpriteAnimationSequence.h">
      <Filter>Header Files</Filter>
    </ClInclude>
    <ClInclude Include="src\Engine\entity\SpriteData.h">
      <Filter>Header Files</Filter>
    </ClInclude>
    <ClInclude Include="src\Engine\entity\SpriteManager.h">
      <Filter>Header Files</Filter>
    </ClInclude>
    <ClInclude Include="src\Engine\map\Area.h">
      <Filter>Header Files</Filter>
    </ClInclude>
    <ClInclude Include="src\Engine\map\AreaData.h">
      <Filter>Header Files</Filter>
    </ClInclude>
    <ClInclude Include="src\Engine\map\Door.h">
      <Filter>Header Files</Filter>
    </ClInclude>
    <ClInclude Include="src\Engine\map\DoorData.h">
      <Filter>Header Files</Filter>
    </ClInclude>
    <ClInclude Include="src\Engine\map\EntityData.h">
      <Filter>Header Files</Filter>
    </ClInclude>
    <ClInclude Include="src\Engine\map\Light.h">
      <Filter>Header Files</Filter>
    </ClInclude>
    <ClInclude Include="src\Engine\map\LightData.h">
      <Filter>Header Files</Filter>
    </ClInclude>
    <ClInclude Include="src\Engine\map\Map.h">
      <Filter>Header Files</Filter>
    </ClInclude>
    <ClInclude Include="src\Engine\map\MapData.h">
      <Filter>Header Files</Filter>
    </ClInclude>
    <ClInclude Include="src\Engine\map\MapManager.h">
      <Filter>Header Files</Filter>
    </ClInclude>
    <ClInclude Include="src\Engine\map\MapState.h">
      <Filter>Header Files</Filter>
    </ClInclude>
    <ClInclude Include="src\Engine\map\MapStateData.h">
      <Filter>Header Files</Filter>
    </ClInclude>
    <ClInclude Include="src\Engine\map\WarpArea.h">
      <Filter>Header Files</Filter>
    </ClInclude>
    <ClInclude Include="src\Engine\state\StateManager.h">
      <Filter>Header Files</Filter>
    </ClInclude>
    <ClInclude Include="src\Engine\state\TitleScreenState.h">
      <Filter>Header Files</Filter>
    </ClInclude>
    <ClInclude Include="src\Engine\text\TextManager.h">
      <Filter>Header Files</Filter>
    </ClInclude>
    <ClInclude Include="src\Engine\text\TextWindow.h">
      <Filter>Header Files</Filter>
    </ClInclude>
    <ClInclude Include="src\Engine\Engine.h">
      <Filter>Header Files</Filter>
    </ClInclude>
    <ClInclude Include="src\Engine\EnginePart.h">
      <Filter>Header Files</Filter>
    </ClInclude>
    <ClInclude Include="src\Utility\System.h">
      <Filter>Header Files</Filter>
    </ClInclude>
    <ClInclude Include="src\Utility\Easing.h">
      <Filter>Header Files</Filter>
    </ClInclude>
    <ClInclude Include="src\Utility\audio\Sound.h">
      <Filter>Header Files</Filter>
    </ClInclude>
    <ClInclude Include="src\Engine\state\YouWillBeNotifiedState.h">
      <Filter>Header Files</Filter>
    </ClInclude>
    <ClInclude Include="src\Engine\state\CreateNewAccountState.h">
      <Filter>Header Files</Filter>
    </ClInclude>
    <ClInclude Include="src\Engine\state\LoggedOutState.h">
      <Filter>Header Files</Filter>
    </ClInclude>
    <ClInclude Include="src\Engine\state\ServersHaveShutDownState.h">
      <Filter>Header Files</Filter>
    </ClInclude>
    <ClInclude Include="src\Utility\FileUtils.h">
      <Filter>Header Files</Filter>
    </ClInclude>
    <ClInclude Include="src\Utility\ConsoleText.h">
      <Filter>Header Files</Filter>
    </ClInclude>
    <ClInclude Include="src\Utility\Logger.h">
      <Filter>Header Files</Filter>
    </ClInclude>
    <ClInclude Include="src\Utility\BobBool.h">
      <Filter>Header Files</Filter>
    </ClInclude>
    <ClInclude Include="src\Utility\BufferedImage.h">
      <Filter>Header Files</Filter>
    </ClInclude>
    <ClInclude Include="src\Utility\ArrayList.h">
      <Filter>Header Files</Filter>
    </ClInclude>
    <ClInclude Include="src\Utility\Color.h">
      <Filter>Header Files</Filter>
    </ClInclude>
    <ClInclude Include="src\Utility\Hashmap.h">
      <Filter>Header Files</Filter>
    </ClInclude>
    <ClInclude Include="lib\HQ2X\HQ2X.h">
      <Filter>Header Files</Filter>
    </ClInclude>
    <ClInclude Include="lib\SDL_stbimage.h">
      <Filter>Header Files</Filter>
    </ClInclude>
    <ClInclude Include="lib\stb_image.h">
      <Filter>Header Files</Filter>
    </ClInclude>
    <ClInclude Include="src\main.h">
      <Filter>Header Files</Filter>
    </ClInclude>
    <ClInclude Include="stdafx.h">
      <Filter>Header Files</Filter>
    </ClInclude>
    <ClInclude Include="lib\DG_misc.h">
      <Filter>Header Files</Filter>
    </ClInclude>
    <ClInclude Include="lib\stb_image_write.h">
      <Filter>Header Files</Filter>
    </ClInclude>
    <ClInclude Include="lib\SDL_platform.h">
      <Filter>Header Files</Filter>
    </ClInclude>
    <ClInclude Include="lib\stb_image_resize.h">
      <Filter>Header Files</Filter>
    </ClInclude>
    <ClInclude Include="lib\stb_truetype.h">
      <Filter>Header Files</Filter>
    </ClInclude>
    <ClInclude Include="bobtypes.h">
      <Filter>Header Files</Filter>
    </ClInclude>
    <ClInclude Include="src\Utility\BobFont.h">
      <Filter>Header Files</Filter>
    </ClInclude>
    <ClInclude Include="src\Utility\Caption.h">
      <Filter>Header Files</Filter>
    </ClInclude>
    <ClInclude Include="src\Utility\CaptionManager.h">
      <Filter>Header Files</Filter>
    </ClInclude>
    <ClInclude Include="src\Engine\nd\ndmenu\wheelitem\NDMenuInfoPanel.h">
      <Filter>Header Files</Filter>
    </ClInclude>
    <ClInclude Include="src\Engine\nd\ndmenu\wheelitem\NDMenuMovie.h">
      <Filter>Header Files</Filter>
    </ClInclude>
    <ClInclude Include="src\Engine\nd\ndmenu\wheelitem\NDMenuWheelItem.h">
      <Filter>Header Files</Filter>
    </ClInclude>
    <ClInclude Include="src\Engine\nd\ndmenu\NDMenu.h">
      <Filter>Header Files</Filter>
    </ClInclude>
    <ClInclude Include="src\Engine\nd\ndmenu\NDMenuBackground.h">
      <Filter>Header Files</Filter>
    </ClInclude>
    <ClInclude Include="src\Engine\nd\ndmenu\NDMenuWheel.h">
      <Filter>Header Files</Filter>
    </ClInclude>
    <ClInclude Include="src\Engine\nd\ping\Ping.h">
      <Filter>Header Files</Filter>
    </ClInclude>
    <ClInclude Include="src\Engine\nd\ping\PingBackground.h">
      <Filter>Header Files</Filter>
    </ClInclude>
    <ClInclude Include="src\Engine\nd\ping\PingBall.h">
      <Filter>Header Files</Filter>
    </ClInclude>
    <ClInclude Include="src\Engine\nd\ping\PingPaddle.h">
      <Filter>Header Files</Filter>
    </ClInclude>
    <ClInclude Include="src\Engine\nd\ramio\Ramio.h">
      <Filter>Header Files</Filter>
    </ClInclude>
    <ClInclude Include="src\Engine\nd\ramio\RamioBackground.h">
      <Filter>Header Files</Filter>
    </ClInclude>
    <ClInclude Include="src\Engine\nd\ramio\RamioBlock.h">
      <Filter>Header Files</Filter>
    </ClInclude>
    <ClInclude Include="src\Engine\nd\ramio\RamioBoba.h">
      <Filter>Header Files</Filter>
    </ClInclude>
    <ClInclude Include="src\Engine\nd\ramio\RamioBrickBlock.h">
      <Filter>Header Files</Filter>
    </ClInclude>
    <ClInclude Include="src\Engine\nd\ramio\RamioGuy.h">
      <Filter>Header Files</Filter>
    </ClInclude>
    <ClInclude Include="src\Engine\nd\ramio\RamioMoneyBlock.h">
      <Filter>Header Files</Filter>
    </ClInclude>
    <ClInclude Include="src\Engine\nd\GameDataLoader.h">
      <Filter>Header Files</Filter>
    </ClInclude>
    <ClInclude Include="src\Engine\nd\ND.h">
      <Filter>Header Files</Filter>
    </ClInclude>
    <ClInclude Include="src\Engine\nd\NDGameEngine.h">
      <Filter>Header Files</Filter>
    </ClInclude>
    <ClInclude Include="src\Engine\stadium\BobsGameStadium.h">
      <Filter>Header Files</Filter>
    </ClInclude>
    <ClInclude Include="src\Engine\stadium\StadiumScreen.h">
      <Filter>Header Files</Filter>
    </ClInclude>
    <ClInclude Include="src\Engine\MiniGameEngine.h">
      <Filter>Header Files</Filter>
    </ClInclude>
    <ClInclude Include="src\Engine\rpg\gui\gameStore\GameItem.h">
      <Filter>Header Files</Filter>
    </ClInclude>
    <ClInclude Include="src\Engine\rpg\gui\gameStore\GameStore.h">
      <Filter>Header Files</Filter>
    </ClInclude>
    <ClInclude Include="src\Engine\rpg\gui\statusbar\buttons\GameStoreButton.h">
      <Filter>Header Files</Filter>
    </ClInclude>
    <ClInclude Include="src\Engine\rpg\gui\statusbar\buttons\NDButton.h">
      <Filter>Header Files</Filter>
    </ClInclude>
    <ClInclude Include="src\Engine\rpg\gui\statusbar\buttons\StatusBarButton.h">
      <Filter>Header Files</Filter>
    </ClInclude>
    <ClInclude Include="src\Engine\rpg\gui\statusbar\buttons\StuffButton.h">
      <Filter>Header Files</Filter>
    </ClInclude>
    <ClInclude Include="src\Engine\rpg\gui\statusbar\captions\ClockCaption.h">
      <Filter>Header Files</Filter>
    </ClInclude>
    <ClInclude Include="src\Engine\rpg\gui\statusbar\captions\DayCaption.h">
      <Filter>Header Files</Filter>
    </ClInclude>
    <ClInclude Include="src\Engine\rpg\gui\statusbar\captions\MoneyCaption.h">
      <Filter>Header Files</Filter>
    </ClInclude>
    <ClInclude Include="src\Engine\rpg\gui\statusbar\captions\StatusBarCaption.h">
      <Filter>Header Files</Filter>
    </ClInclude>
    <ClInclude Include="src\Engine\rpg\gui\statusbar\notification\Notification.h">
      <Filter>Header Files</Filter>
    </ClInclude>
    <ClInclude Include="src\Engine\rpg\gui\statusbar\NotificationManager.h">
      <Filter>Header Files</Filter>
    </ClInclude>
    <ClInclude Include="src\Engine\rpg\gui\statusbar\StatusBar.h">
      <Filter>Header Files</Filter>
    </ClInclude>
    <ClInclude Include="src\Engine\rpg\gui\stuffMenu\subMenus\ControlsPanel.h">
      <Filter>Header Files</Filter>
    </ClInclude>
    <ClInclude Include="src\Engine\rpg\gui\stuffMenu\subMenus\DebugInfoPanel.h">
      <Filter>Header Files</Filter>
    </ClInclude>
    <ClInclude Include="src\Engine\rpg\gui\stuffMenu\subMenus\FriendsPanel.h">
      <Filter>Header Files</Filter>
    </ClInclude>
    <ClInclude Include="src\Engine\rpg\gui\stuffMenu\subMenus\ItemsPanel.h">
      <Filter>Header Files</Filter>
    </ClInclude>
    <ClInclude Include="src\Engine\rpg\gui\stuffMenu\subMenus\LogsPanel.h">
      <Filter>Header Files</Filter>
    </ClInclude>
    <ClInclude Include="src\Engine\rpg\gui\stuffMenu\subMenus\MessagesPanel.h">
      <Filter>Header Files</Filter>
    </ClInclude>
    <ClInclude Include="src\Engine\rpg\gui\stuffMenu\subMenus\SettingsPanel.h">
      <Filter>Header Files</Filter>
    </ClInclude>
    <ClInclude Include="src\Engine\rpg\gui\stuffMenu\subMenus\StatusPanel.h">
      <Filter>Header Files</Filter>
    </ClInclude>
    <ClInclude Include="src\Engine\rpg\gui\stuffMenu\StuffMenu.h">
      <Filter>Header Files</Filter>
    </ClInclude>
    <ClInclude Include="src\Engine\rpg\gui\stuffMenu\SubPanel.h">
      <Filter>Header Files</Filter>
    </ClInclude>
    <ClInclude Include="src\Engine\rpg\gui\CountryCodes.h">
      <Filter>Header Files</Filter>
    </ClInclude>
    <ClInclude Include="src\Engine\rpg\gui\GameChallengeNotificationPanel.h">
      <Filter>Header Files</Filter>
    </ClInclude>
    <ClInclude Include="src\Engine\rpg\gui\GUIManager.h">
      <Filter>Header Files</Filter>
    </ClInclude>
    <ClInclude Include="src\Engine\rpg\gui\MenuPanel.h">
      <Filter>Header Files</Filter>
    </ClInclude>
    <ClInclude Include="src\Engine\rpg\gui\PlayerEditMenu.h">
      <Filter>Header Files</Filter>
    </ClInclude>
    <ClInclude Include="src\Engine\rpg\Clock.h">
      <Filter>Header Files</Filter>
    </ClInclude>
    <ClInclude Include="src\Engine\rpg\EasingTest.h">
      <Filter>Header Files</Filter>
    </ClInclude>
    <ClInclude Include="src\Engine\rpg\FriendCharacter.h">
      <Filter>Header Files</Filter>
    </ClInclude>
    <ClInclude Include="src\Engine\rpg\FriendManager.h">
      <Filter>Header Files</Filter>
    </ClInclude>
    <ClInclude Include="src\Engine\rpg\Item.h">
      <Filter>Header Files</Filter>
    </ClInclude>
    <ClInclude Include="src\Engine\rpg\Player.h">
      <Filter>Header Files</Filter>
    </ClInclude>
    <ClInclude Include="src\Engine\rpg\Wallet.h">
      <Filter>Header Files</Filter>
    </ClInclude>
    <ClInclude Include="src\Engine\network\ServerObject.h">
      <Filter>Header Files</Filter>
    </ClInclude>
    <ClInclude Include="src\Engine\rpg\event\ActionManager.h">
      <Filter>Header Files</Filter>
    </ClInclude>
    <ClInclude Include="src\Engine\rpg\event\Dialogue.h">
      <Filter>Header Files</Filter>
    </ClInclude>
    <ClInclude Include="src\Engine\rpg\event\DialogueData.h">
      <Filter>Header Files</Filter>
    </ClInclude>
    <ClInclude Include="src\Engine\rpg\event\EventCommand.h">
      <Filter>Header Files</Filter>
    </ClInclude>
    <ClInclude Include="src\Engine\rpg\event\EventData.h">
      <Filter>Header Files</Filter>
    </ClInclude>
    <ClInclude Include="src\Engine\rpg\event\EventManager.h">
      <Filter>Header Files</Filter>
    </ClInclude>
    <ClInclude Include="src\Engine\rpg\event\EventParameter.h">
      <Filter>Header Files</Filter>
    </ClInclude>
    <ClInclude Include="src\Engine\rpg\event\Flag.h">
      <Filter>Header Files</Filter>
    </ClInclude>
    <ClInclude Include="src\Engine\rpg\event\FlagData.h">
      <Filter>Header Files</Filter>
    </ClInclude>
    <ClInclude Include="src\Engine\rpg\event\GameString.h">
      <Filter>Header Files</Filter>
    </ClInclude>
    <ClInclude Include="src\Engine\rpg\event\GameStringData.h">
      <Filter>Header Files</Filter>
    </ClInclude>
    <ClInclude Include="src\Engine\rpg\event\Skill.h">
      <Filter>Header Files</Filter>
    </ClInclude>
    <ClInclude Include="src\Engine\rpg\event\SkillData.h">
      <Filter>Header Files</Filter>
    </ClInclude>
    <ClInclude Include="src\Engine\rpg\BGClientEngine.h">
      <Filter>Header Files</Filter>
    </ClInclude>
    <ClInclude Include="src\Utility\BobMath.h">
      <Filter>Header Files</Filter>
    </ClInclude>
    <ClInclude Include="src\Utility\BobString.h">
      <Filter>Header Files</Filter>
    </ClInclude>
    <ClInclude Include="src\Engine\network\TCPServerConnection.h">
      <Filter>Header Files</Filter>
    </ClInclude>
    <ClInclude Include="src\Engine\network\UDPPeerConnection.h">
      <Filter>Header Files</Filter>
    </ClInclude>
    <ClInclude Include="src\Engine\network\BobNet.h">
      <Filter>Header Files</Filter>
    </ClInclude>
    <ClInclude Include="src\Engine\network\GameSave.h">
      <Filter>Header Files</Filter>
    </ClInclude>
    <ClInclude Include="lib\libzip-1.1.3\lib\zipconf.h">
      <Filter>Header Files</Filter>
    </ClInclude>
    <ClInclude Include="lib\authenticate-GWEN-master\include\Gwen\renderer\gwen_renderer_sdl2.h">
      <Filter>Header Files</Filter>
    </ClInclude>
    <ClInclude Include="src\Puzzle\GameType.h">
      <Filter>Header Files</Filter>
    </ClInclude>
    <ClInclude Include="src\Puzzle\CustomGameEditor.h">
      <Filter>Header Files</Filter>
    </ClInclude>
    <ClInclude Include="src\Puzzle\GameSequenceEditor.h">
      <Filter>Header Files</Filter>
    </ClInclude>
    <ClInclude Include="src\Puzzle\GameSequence.h">
      <Filter>Header Files</Filter>
    </ClInclude>
    <ClInclude Include="src\Puzzle\PuzzlePlayer.h">
      <Filter>Header Files</Filter>
    </ClInclude>
    <ClInclude Include="src\Puzzle\GlobalSettings.h">
      <Filter>Header Files</Filter>
    </ClInclude>
    <ClInclude Include="src\Utility\BobMenu.h">
      <Filter>Header Files</Filter>
    </ClInclude>
    <ClInclude Include="src\Puzzle\GameTestMenu.h">
      <Filter>Header Files</Filter>
    </ClInclude>
    <ClInclude Include="src\Puzzle\Stats\GameStats.h">
      <Filter>Header Files</Filter>
    </ClInclude>
    <ClInclude Include="src\Puzzle\Stats\LeaderBoardAndHighScoreBoardEntry.h">
      <Filter>Header Files</Filter>
    </ClInclude>
    <ClInclude Include="src\Puzzle\Room.h">
      <Filter>Header Files</Filter>
    </ClInclude>
    <ClInclude Include="src\Puzzle\Stats\UserStatsForSpecificGameAndDifficulty.h">
      <Filter>Header Files</Filter>
    </ClInclude>
    <ClInclude Include="src\Puzzle\Legacy.h">
      <Filter>Header Files</Filter>
    </ClInclude>
    <ClInclude Include="lib\md5.h">
      <Filter>Header Files</Filter>
    </ClInclude>
    <ClInclude Include="lib\base64.h">
      <Filter>Header Files</Filter>
    </ClInclude>
    <ClInclude Include="lib\lz4-1.7.5\lib\lz4opt.h">
      <Filter>Header Files</Filter>
    </ClInclude>
    <ClInclude Include="lib\lz4-1.7.5\lib\lz4.h">
      <Filter>Header Files</Filter>
    </ClInclude>
    <ClInclude Include="lib\lz4-1.7.5\lib\lz4frame.h">
      <Filter>Header Files</Filter>
    </ClInclude>
    <ClInclude Include="lib\lz4-1.7.5\lib\lz4frame_static.h">
      <Filter>Header Files</Filter>
    </ClInclude>
    <ClInclude Include="lib\lz4-1.7.5\lib\lz4hc.h">
      <Filter>Header Files</Filter>
    </ClInclude>
    <ClInclude Include="lib\lz4-1.7.5\lib\xxhash.h">
      <Filter>Header Files</Filter>
    </ClInclude>
    <ClInclude Include="lib\CTPL-master\ctpl_stl.h">
      <Filter>Header Files</Filter>
    </ClInclude>
    <ClInclude Include="src\Utility\audio\AudioFile.h">
      <Filter>Header Files</Filter>
    </ClInclude>
    <ClInclude Include="src\Utility\audio\AudioData.h">
      <Filter>Header Files</Filter>
    </ClInclude>
    <ClInclude Include="src\Engine\state\LoginState.h">
      <Filter>Header Files</Filter>
    </ClInclude>
    <ClInclude Include="src\Engine\state\LogoState.h">
      <Filter>Header Files</Filter>
    </ClInclude>
    <ClInclude Include="src\Engine\state\GlowTileBackgroundMenuPanel.h">
      <Filter>Header Files</Filter>
    </ClInclude>
    <ClInclude Include="src\Engine\state\KeyboardMenuPanel.h">
      <Filter>Header Files</Filter>
    </ClInclude>
    <ClInclude Include="src\Engine\state\LegalMenuPanel.h">
      <Filter>Header Files</Filter>
    </ClInclude>
    <ClInclude Include="lib\GWEN-master\gwen\include\Gwen\Input\gwen_input_base.h">
      <Filter>Header Files</Filter>
    </ClInclude>
    <ClInclude Include="lib\GWEN-master\gwen\include\Gwen\Input\gwen_input_sdl2.h">
      <Filter>Header Files</Filter>
    </ClInclude>
    <ClInclude Include="lib\GWEN-master\gwen\include\Gwen\Input\GwenInputPS4.h">
      <Filter>Header Files</Filter>
    </ClInclude>
    <ClInclude Include="src\Engine\rpg\event\BobEvent.h">
      <Filter>Header Files</Filter>
    </ClInclude>
    <ClInclude Include="lib\SDL2_ttf-2.0.14\external\freetype-2.4.12\include\ft2build.h">
      <Filter>Header Files</Filter>
    </ClInclude>
    <ClInclude Include="C:\SCE\ORBIS SDKs\5.500\target\samples\sample_code\input_output_devices\api_pad_mouse\basic\api_mouse.h">
      <Filter>Header Files</Filter>
    </ClInclude>
    <ClInclude Include="C:\SCE\ORBIS SDKs\5.500\target\samples\sample_code\common\include\external\tinyxml\tinystr.h">
      <Filter>Header Files</Filter>
    </ClInclude>
    <ClInclude Include="C:\SCE\ORBIS SDKs\5.500\target\samples\sample_code\common\include\external\tinyxml\tinyxml.h">
      <Filter>Header Files</Filter>
    </ClInclude>
    <ClInclude Include="C:\SCE\ORBIS SDKs\5.500\target\samples\sample_code\common\include\external\lauxlib.h">
      <Filter>Header Files</Filter>
    </ClInclude>
    <ClInclude Include="C:\SCE\ORBIS SDKs\5.500\target\samples\sample_code\common\include\external\lua.h">
      <Filter>Header Files</Filter>
    </ClInclude>
    <ClInclude Include="C:\SCE\ORBIS SDKs\5.500\target\samples\sample_code\common\include\external\lua.hpp">
      <Filter>Header Files</Filter>
    </ClInclude>
    <ClInclude Include="C:\SCE\ORBIS SDKs\5.500\target\samples\sample_code\common\include\external\luaconf.h">
      <Filter>Header Files</Filter>
    </ClInclude>
    <ClInclude Include="C:\SCE\ORBIS SDKs\5.500\target\samples\sample_code\common\include\external\lualib.h">
      <Filter>Header Files</Filter>
    </ClInclude>
    <ClInclude Include="C:\SCE\ORBIS SDKs\5.500\target\samples\sample_code\common\include\sampleutil\audio\context.h">
      <Filter>Header Files</Filter>
    </ClInclude>
    <ClInclude Include="C:\SCE\ORBIS SDKs\5.500\target\samples\sample_code\common\include\sampleutil\audio\data.h">
      <Filter>Header Files</Filter>
    </ClInclude>
    <ClInclude Include="C:\SCE\ORBIS SDKs\5.500\target\samples\sample_code\common\include\sampleutil\audio\voice.h">
      <Filter>Header Files</Filter>
    </ClInclude>
    <ClInclude Include="C:\SCE\ORBIS SDKs\5.500\target\samples\sample_code\common\include\sampleutil\debug\menu.h">
      <Filter>Header Files</Filter>
    </ClInclude>
    <ClInclude Include="C:\SCE\ORBIS SDKs\5.500\target\samples\sample_code\common\include\sampleutil\graphics\collada\collada_animation.h">
      <Filter>Header Files</Filter>
    </ClInclude>
    <ClInclude Include="C:\SCE\ORBIS SDKs\5.500\target\samples\sample_code\common\include\sampleutil\graphics\collada\collada_base.h">
      <Filter>Header Files</Filter>
    </ClInclude>
    <ClInclude Include="C:\SCE\ORBIS SDKs\5.500\target\samples\sample_code\common\include\sampleutil\graphics\collada\collada_effect.h">
      <Filter>Header Files</Filter>
    </ClInclude>
    <ClInclude Include="C:\SCE\ORBIS SDKs\5.500\target\samples\sample_code\common\include\sampleutil\graphics\collada\collada_geometry.h">
      <Filter>Header Files</Filter>
    </ClInclude>
    <ClInclude Include="C:\SCE\ORBIS SDKs\5.500\target\samples\sample_code\common\include\sampleutil\graphics\collada\collada_image.h">
      <Filter>Header Files</Filter>
    </ClInclude>
    <ClInclude Include="C:\SCE\ORBIS SDKs\5.500\target\samples\sample_code\common\include\sampleutil\graphics\collada\collada_scene.h">
      <Filter>Header Files</Filter>
    </ClInclude>
    <ClInclude Include="C:\SCE\ORBIS SDKs\5.500\target\samples\sample_code\common\include\sampleutil\graphics\platform_gnm\platform_gnm.h">
      <Filter>Header Files</Filter>
    </ClInclude>
    <ClInclude Include="C:\SCE\ORBIS SDKs\5.500\target\samples\sample_code\common\include\sampleutil\graphics\buffer.h">
      <Filter>Header Files</Filter>
    </ClInclude>
    <ClInclude Include="C:\SCE\ORBIS SDKs\5.500\target\samples\sample_code\common\include\sampleutil\graphics\collada.h">
      <Filter>Header Files</Filter>
    </ClInclude>
    <ClInclude Include="C:\SCE\ORBIS SDKs\5.500\target\samples\sample_code\common\include\sampleutil\graphics\constant.h">
      <Filter>Header Files</Filter>
    </ClInclude>
    <ClInclude Include="C:\SCE\ORBIS SDKs\5.500\target\samples\sample_code\common\include\sampleutil\graphics\context.h">
      <Filter>Header Files</Filter>
    </ClInclude>
    <ClInclude Include="C:\SCE\ORBIS SDKs\5.500\target\samples\sample_code\common\include\sampleutil\graphics\effect.h">
      <Filter>Header Files</Filter>
    </ClInclude>
    <ClInclude Include="C:\SCE\ORBIS SDKs\5.500\target\samples\sample_code\common\include\sampleutil\graphics\font.h">
      <Filter>Header Files</Filter>
    </ClInclude>
    <ClInclude Include="C:\SCE\ORBIS SDKs\5.500\target\samples\sample_code\common\include\sampleutil\graphics\loader.h">
      <Filter>Header Files</Filter>
    </ClInclude>
    <ClInclude Include="C:\SCE\ORBIS SDKs\5.500\target\samples\sample_code\common\include\sampleutil\graphics\platform.h">
      <Filter>Header Files</Filter>
    </ClInclude>
    <ClInclude Include="C:\SCE\ORBIS SDKs\5.500\target\samples\sample_code\common\include\sampleutil\graphics\program.h">
      <Filter>Header Files</Filter>
    </ClInclude>
    <ClInclude Include="C:\SCE\ORBIS SDKs\5.500\target\samples\sample_code\common\include\sampleutil\input\controller.h">
      <Filter>Header Files</Filter>
    </ClInclude>
    <ClInclude Include="C:\SCE\ORBIS SDKs\5.500\target\samples\sample_code\common\include\sampleutil\input\motion.h">
      <Filter>Header Files</Filter>
    </ClInclude>
    <ClInclude Include="C:\SCE\ORBIS SDKs\5.500\target\samples\sample_code\common\include\sampleutil\input\touch.h">
      <Filter>Header Files</Filter>
    </ClInclude>
    <ClInclude Include="C:\SCE\ORBIS SDKs\5.500\target\samples\sample_code\common\include\sampleutil\audio.h">
      <Filter>Header Files</Filter>
    </ClInclude>
    <ClInclude Include="C:\SCE\ORBIS SDKs\5.500\target\samples\sample_code\common\include\sampleutil\graphics.h">
      <Filter>Header Files</Filter>
    </ClInclude>
    <ClInclude Include="C:\SCE\ORBIS SDKs\5.500\target\samples\sample_code\common\include\sampleutil\input.h">
      <Filter>Header Files</Filter>
    </ClInclude>
    <ClInclude Include="C:\SCE\ORBIS SDKs\5.500\target\samples\sample_code\common\include\sampleutil\sampleutil_common.h">
      <Filter>Header Files</Filter>
    </ClInclude>
    <ClInclude Include="C:\SCE\ORBIS SDKs\5.500\target\samples\sample_code\common\include\sampleutil\sampleutil_error.h">
      <Filter>Header Files</Filter>
    </ClInclude>
    <ClInclude Include="C:\SCE\ORBIS SDKs\5.500\target\samples\sample_code\common\include\sampleutil\skeleton.h">
      <Filter>Header Files</Filter>
    </ClInclude>
    <ClInclude Include="C:\SCE\ORBIS SDKs\5.500\target\samples\sample_code\common\include\sampleutil\system.h">
      <Filter>Header Files</Filter>
    </ClInclude>
    <ClInclude Include="C:\SCE\ORBIS SDKs\5.500\target\samples\sample_code\common\include\sampleutil.h">
      <Filter>Header Files</Filter>
    </ClInclude>
    <ClInclude Include="C:\SCE\ORBIS SDKs\5.500\target\samples\sample_code\common\source\sampleutil\audio\ngs\ngs_internal.h">
      <Filter>Header Files</Filter>
    </ClInclude>
    <ClInclude Include="C:\SCE\ORBIS SDKs\5.500\target\samples\sample_code\common\source\sampleutil\audio\ngs\ngs_module.h">
      <Filter>Header Files</Filter>
    </ClInclude>
    <ClInclude Include="C:\SCE\ORBIS SDKs\5.500\target\samples\sample_code\common\source\sampleutil\audio\ngs2\ngs2_internal.h">
      <Filter>Header Files</Filter>
    </ClInclude>
    <ClInclude Include="C:\SCE\ORBIS SDKs\5.500\target\samples\sample_code\common\source\sampleutil\audio\ngs2\ngs2_stream.h">
      <Filter>Header Files</Filter>
    </ClInclude>
    <ClInclude Include="C:\SCE\ORBIS SDKs\5.500\target\samples\sample_code\common\source\sampleutil\audio\audio_internal.h">
      <Filter>Header Files</Filter>
    </ClInclude>
    <ClInclude Include="C:\SCE\ORBIS SDKs\5.500\target\samples\sample_code\common\source\sampleutil\debug\debug_menu_internal.h">
      <Filter>Header Files</Filter>
    </ClInclude>
    <ClInclude Include="C:\SCE\ORBIS SDKs\5.500\target\samples\sample_code\common\source\sampleutil\graphics\collada\dae\dae.h">
      <Filter>Header Files</Filter>
    </ClInclude>
    <ClInclude Include="C:\SCE\ORBIS SDKs\5.500\target\samples\sample_code\common\source\sampleutil\graphics\collada\dae\dae_animation.h">
      <Filter>Header Files</Filter>
    </ClInclude>
    <ClInclude Include="C:\SCE\ORBIS SDKs\5.500\target\samples\sample_code\common\source\sampleutil\graphics\collada\dae\dae_common.h">
      <Filter>Header Files</Filter>
    </ClInclude>
    <ClInclude Include="C:\SCE\ORBIS SDKs\5.500\target\samples\sample_code\common\source\sampleutil\graphics\collada\dae\dae_control.h">
      <Filter>Header Files</Filter>
    </ClInclude>
    <ClInclude Include="C:\SCE\ORBIS SDKs\5.500\target\samples\sample_code\common\source\sampleutil\graphics\collada\dae\dae_data_flow.h">
      <Filter>Header Files</Filter>
    </ClInclude>
    <ClInclude Include="C:\SCE\ORBIS SDKs\5.500\target\samples\sample_code\common\source\sampleutil\graphics\collada\dae\dae_effect.h">
      <Filter>Header Files</Filter>
    </ClInclude>
    <ClInclude Include="C:\SCE\ORBIS SDKs\5.500\target\samples\sample_code\common\source\sampleutil\graphics\collada\dae\dae_geometry.h">
      <Filter>Header Files</Filter>
    </ClInclude>
    <ClInclude Include="C:\SCE\ORBIS SDKs\5.500\target\samples\sample_code\common\source\sampleutil\graphics\collada\dae\dae_scene.h">
      <Filter>Header Files</Filter>
    </ClInclude>
    <ClInclude Include="C:\SCE\ORBIS SDKs\5.500\target\samples\sample_code\common\source\sampleutil\graphics\collada\dae\dae_transform.h">
      <Filter>Header Files</Filter>
    </ClInclude>
    <ClInclude Include="C:\SCE\ORBIS SDKs\5.500\target\samples\sample_code\common\source\sampleutil\graphics\collada\dae\dae_vscene.h">
      <Filter>Header Files</Filter>
    </ClInclude>
    <ClInclude Include="C:\SCE\ORBIS SDKs\5.500\target\samples\sample_code\common\source\sampleutil\graphics\collada\collada_internal.h">
      <Filter>Header Files</Filter>
    </ClInclude>
    <ClInclude Include="C:\SCE\ORBIS SDKs\5.500\target\samples\sample_code\common\source\sampleutil\graphics\collada\collada_material.h">
      <Filter>Header Files</Filter>
    </ClInclude>
    <ClInclude Include="C:\SCE\ORBIS SDKs\5.500\target\samples\sample_code\common\source\sampleutil\graphics\collada\collada_scene.h">
      <Filter>Header Files</Filter>
    </ClInclude>
    <ClInclude Include="C:\SCE\ORBIS SDKs\5.500\target\samples\sample_code\common\source\sampleutil\graphics\collada\collada_transform.h">
      <Filter>Header Files</Filter>
    </ClInclude>
    <ClInclude Include="C:\SCE\ORBIS SDKs\5.500\target\samples\sample_code\common\source\sampleutil\graphics\collada\collada_util.h">
      <Filter>Header Files</Filter>
    </ClInclude>
    <ClInclude Include="C:\SCE\ORBIS SDKs\5.500\target\samples\sample_code\common\source\sampleutil\graphics\platform_gnm\buffer_internal_gnm.h">
      <Filter>Header Files</Filter>
    </ClInclude>
    <ClInclude Include="C:\SCE\ORBIS SDKs\5.500\target\samples\sample_code\common\source\sampleutil\graphics\platform_gnm\constant_internal_gnm.h">
      <Filter>Header Files</Filter>
    </ClInclude>
    <ClInclude Include="C:\SCE\ORBIS SDKs\5.500\target\samples\sample_code\common\source\sampleutil\graphics\platform_gnm\context_internal_gnm.h">
      <Filter>Header Files</Filter>
    </ClInclude>
    <ClInclude Include="C:\SCE\ORBIS SDKs\5.500\target\samples\sample_code\common\source\sampleutil\graphics\platform_gnm\font_orbis.h">
      <Filter>Header Files</Filter>
    </ClInclude>
    <ClInclude Include="C:\SCE\ORBIS SDKs\5.500\target\samples\sample_code\common\source\sampleutil\graphics\platform_gnm\gnm_internal.h">
      <Filter>Header Files</Filter>
    </ClInclude>
    <ClInclude Include="C:\SCE\ORBIS SDKs\5.500\target\samples\sample_code\common\source\sampleutil\graphics\platform_gnm\heap_gnm.h">
      <Filter>Header Files</Filter>
    </ClInclude>
    <ClInclude Include="C:\SCE\ORBIS SDKs\5.500\target\samples\sample_code\common\source\sampleutil\graphics\platform_gnm\image_gnm.h">
      <Filter>Header Files</Filter>
    </ClInclude>
    <ClInclude Include="C:\SCE\ORBIS SDKs\5.500\target\samples\sample_code\common\source\sampleutil\graphics\platform_gnm\loader_internal_gnm.h">
      <Filter>Header Files</Filter>
    </ClInclude>
    <ClInclude Include="C:\SCE\ORBIS SDKs\5.500\target\samples\sample_code\common\source\sampleutil\graphics\platform_gnm\program_internal_gnm.h">
      <Filter>Header Files</Filter>
    </ClInclude>
    <ClInclude Include="C:\SCE\ORBIS SDKs\5.500\target\samples\sample_code\common\source\sampleutil\graphics\constant_internal.h">
      <Filter>Header Files</Filter>
    </ClInclude>
    <ClInclude Include="C:\SCE\ORBIS SDKs\5.500\target\samples\sample_code\common\source\sampleutil\graphics\font_internal.h">
      <Filter>Header Files</Filter>
    </ClInclude>
    <ClInclude Include="C:\SCE\ORBIS SDKs\5.500\target\samples\sample_code\common\source\sampleutil\graphics\graphics_internal.h">
      <Filter>Header Files</Filter>
    </ClInclude>
    <ClInclude Include="C:\SCE\ORBIS SDKs\5.500\target\samples\sample_code\common\source\sampleutil\graphics\image.h">
      <Filter>Header Files</Filter>
    </ClInclude>
    <ClInclude Include="C:\SCE\ORBIS SDKs\5.500\target\samples\sample_code\common\source\sampleutil\graphics\sprite_internal.h">
      <Filter>Header Files</Filter>
    </ClInclude>
    <ClInclude Include="C:\SCE\ORBIS SDKs\5.500\target\samples\sample_code\common\source\sampleutil\input\controller_common.h">
      <Filter>Header Files</Filter>
    </ClInclude>
    <ClInclude Include="C:\SCE\ORBIS SDKs\5.500\target\samples\sample_code\common\source\sampleutil\input\pad_common.h">
      <Filter>Header Files</Filter>
    </ClInclude>
    <ClInclude Include="C:\SCE\ORBIS SDKs\5.500\target\samples\sample_code\common\source\sampleutil\resource\resource.h">
      <Filter>Header Files</Filter>
    </ClInclude>
    <ClInclude Include="C:\SCE\ORBIS SDKs\5.500\target\samples\sample_code\common\source\sampleutil\resource\resource_manager.h">
      <Filter>Header Files</Filter>
    </ClInclude>
    <ClInclude Include="C:\SCE\ORBIS SDKs\5.500\target\samples\sample_code\common\source\sampleutil\resource\shader_base.h">
      <Filter>Header Files</Filter>
    </ClInclude>
    <ClInclude Include="C:\SCE\ORBIS SDKs\5.500\target\samples\sample_code\common\source\sampleutil\resource\std_cbuffer.h">
      <Filter>Header Files</Filter>
    </ClInclude>
    <ClInclude Include="C:\SCE\ORBIS SDKs\5.500\target\samples\sample_code\common\source\sampleutil\util\util.h">
      <Filter>Header Files</Filter>
    </ClInclude>
    <ClInclude Include="C:\SCE\ORBIS SDKs\5.500\target\samples\sample_code\common\source\sampleutil\sampleutil_internal.h">
      <Filter>Header Files</Filter>
    </ClInclude>
    <ClInclude Include="C:\SCE\ORBIS SDKs\5.500\target\samples\sample_code\common\include\sampleutil\debug\console.h">
      <Filter>Header Files</Filter>
    </ClInclude>
    <ClInclude Include="C:\SCE\ORBIS SDKs\5.500\target\samples\sample_code\common\include\sampleutil\graphics\sprite.h">
      <Filter>Header Files</Filter>
    </ClInclude>
    <ClInclude Include="src\orbis\SDL\SDL_blit.h">
      <Filter>Header Files</Filter>
    </ClInclude>
    <ClInclude Include="src\orbis\SDL\SDL_blit_auto.h">
      <Filter>Header Files</Filter>
    </ClInclude>
    <ClInclude Include="src\orbis\SDL\SDL_blit_copy.h">
      <Filter>Header Files</Filter>
    </ClInclude>
    <ClInclude Include="src\orbis\SDL\SDL_blit_slow.h">
      <Filter>Header Files</Filter>
    </ClInclude>
    <ClInclude Include="src\orbis\SDL\SDL_pixels.h">
      <Filter>Header Files</Filter>
    </ClInclude>
    <ClInclude Include="src\orbis\SDL\SDL_pixels_c.h">
      <Filter>Header Files</Filter>
    </ClInclude>
    <ClInclude Include="src\orbis\SDL\SDL_rect.h">
      <Filter>Header Files</Filter>
    </ClInclude>
    <ClInclude Include="src\orbis\SDL\SDL_rect_c.h">
      <Filter>Header Files</Filter>
    </ClInclude>
    <ClInclude Include="src\orbis\SDL\SDL_RLEaccel_c.h">
      <Filter>Header Files</Filter>
    </ClInclude>
    <ClInclude Include="src\orbis\SDL\SDL_rwops.h">
      <Filter>Header Files</Filter>
    </ClInclude>
    <ClInclude Include="src\orbis\SDL\SDL_stuff.h">
      <Filter>Header Files</Filter>
    </ClInclude>
    <ClInclude Include="src\orbis\SDL\SDL_surface.h">
      <Filter>Header Files</Filter>
    </ClInclude>
    <ClInclude Include="src\orbis\SDL\SDL_ttf.h">
      <Filter>Header Files</Filter>
    </ClInclude>
    <ClInclude Include="src\Utility\BobConsole.h">
      <Filter>Header Files</Filter>
    </ClInclude>
    <ClInclude Include="src\Engine\entity\BobSprite.h">
      <Filter>Header Files</Filter>
    </ClInclude>
    <ClInclude Include="src\Utility\gl\BobTexture.h">
      <Filter>Header Files</Filter>
    </ClInclude>
    <ClInclude Include="..\..\..\..\SCE\ORBIS SDKs\5.500\target\samples\sample_code\system\tutorial_shooting_game_trc_compliant\common\animation.h">
      <Filter>Header Files</Filter>
    </ClInclude>
    <ClInclude Include="..\..\..\..\SCE\ORBIS SDKs\5.500\target\samples\sample_code\system\tutorial_shooting_game_trc_compliant\common\app_data_service.h">
      <Filter>Header Files</Filter>
    </ClInclude>
    <ClInclude Include="..\..\..\..\SCE\ORBIS SDKs\5.500\target\samples\sample_code\system\tutorial_shooting_game_trc_compliant\common\av_util.h">
      <Filter>Header Files</Filter>
    </ClInclude>
    <ClInclude Include="..\..\..\..\SCE\ORBIS SDKs\5.500\target\samples\sample_code\system\tutorial_shooting_game_trc_compliant\common\camera.h">
      <Filter>Header Files</Filter>
    </ClInclude>
    <ClInclude Include="..\..\..\..\SCE\ORBIS SDKs\5.500\target\samples\sample_code\system\tutorial_shooting_game_trc_compliant\common\camera_util.h">
      <Filter>Header Files</Filter>
    </ClInclude>
    <ClInclude Include="..\..\..\..\SCE\ORBIS SDKs\5.500\target\samples\sample_code\system\tutorial_shooting_game_trc_compliant\common\collada_object.h">
      <Filter>Header Files</Filter>
    </ClInclude>
    <ClInclude Include="..\..\..\..\SCE\ORBIS SDKs\5.500\target\samples\sample_code\system\tutorial_shooting_game_trc_compliant\common\config.h">
      <Filter>Header Files</Filter>
    </ClInclude>
    <ClInclude Include="..\..\..\..\SCE\ORBIS SDKs\5.500\target\samples\sample_code\system\tutorial_shooting_game_trc_compliant\common\core_system.h">
      <Filter>Header Files</Filter>
    </ClInclude>
    <ClInclude Include="..\..\..\..\SCE\ORBIS SDKs\5.500\target\samples\sample_code\system\tutorial_shooting_game_trc_compliant\common\debug_window.h">
      <Filter>Header Files</Filter>
    </ClInclude>
    <ClInclude Include="..\..\..\..\SCE\ORBIS SDKs\5.500\target\samples\sample_code\system\tutorial_shooting_game_trc_compliant\common\dialog.h">
      <Filter>Header Files</Filter>
    </ClInclude>
    <ClInclude Include="..\..\..\..\SCE\ORBIS SDKs\5.500\target\samples\sample_code\system\tutorial_shooting_game_trc_compliant\common\event.h">
      <Filter>Header Files</Filter>
    </ClInclude>
    <ClInclude Include="..\..\..\..\SCE\ORBIS SDKs\5.500\target\samples\sample_code\system\tutorial_shooting_game_trc_compliant\common\game.h">
      <Filter>Header Files</Filter>
    </ClInclude>
    <ClInclude Include="..\..\..\..\SCE\ORBIS SDKs\5.500\target\samples\sample_code\system\tutorial_shooting_game_trc_compliant\common\game_log_manager.h">
      <Filter>Header Files</Filter>
    </ClInclude>
    <ClInclude Include="..\..\..\..\SCE\ORBIS SDKs\5.500\target\samples\sample_code\system\tutorial_shooting_game_trc_compliant\common\game_object.h">
      <Filter>Header Files</Filter>
    </ClInclude>
    <ClInclude Include="..\..\..\..\SCE\ORBIS SDKs\5.500\target\samples\sample_code\system\tutorial_shooting_game_trc_compliant\common\input_device_manager.h">
      <Filter>Header Files</Filter>
    </ClInclude>
    <ClInclude Include="..\..\..\..\SCE\ORBIS SDKs\5.500\target\samples\sample_code\system\tutorial_shooting_game_trc_compliant\common\live_and_video_service.h">
      <Filter>Header Files</Filter>
    </ClInclude>
    <ClInclude Include="..\..\..\..\SCE\ORBIS SDKs\5.500\target\samples\sample_code\system\tutorial_shooting_game_trc_compliant\common\lua_util.h">
      <Filter>Header Files</Filter>
    </ClInclude>
    <ClInclude Include="..\..\..\..\SCE\ORBIS SDKs\5.500\target\samples\sample_code\system\tutorial_shooting_game_trc_compliant\common\network_util.h">
      <Filter>Header Files</Filter>
    </ClInclude>
    <ClInclude Include="..\..\..\..\SCE\ORBIS SDKs\5.500\target\samples\sample_code\system\tutorial_shooting_game_trc_compliant\common\np_score_ranking.h">
      <Filter>Header Files</Filter>
    </ClInclude>
    <ClInclude Include="..\..\..\..\SCE\ORBIS SDKs\5.500\target\samples\sample_code\system\tutorial_shooting_game_trc_compliant\common\pad_tracker_util.h">
      <Filter>Header Files</Filter>
    </ClInclude>
    <ClInclude Include="..\..\..\..\SCE\ORBIS SDKs\5.500\target\samples\sample_code\system\tutorial_shooting_game_trc_compliant\common\play_style.h">
      <Filter>Header Files</Filter>
    </ClInclude>
    <ClInclude Include="..\..\..\..\SCE\ORBIS SDKs\5.500\target\samples\sample_code\system\tutorial_shooting_game_trc_compliant\common\player_manager.h">
      <Filter>Header Files</Filter>
    </ClInclude>
    <ClInclude Include="..\..\..\..\SCE\ORBIS SDKs\5.500\target\samples\sample_code\system\tutorial_shooting_game_trc_compliant\common\psarc_util.h">
      <Filter>Header Files</Filter>
    </ClInclude>
    <ClInclude Include="..\..\..\..\SCE\ORBIS SDKs\5.500\target\samples\sample_code\system\tutorial_shooting_game_trc_compliant\common\resource_manager.h">
      <Filter>Header Files</Filter>
    </ClInclude>
    <ClInclude Include="..\..\..\..\SCE\ORBIS SDKs\5.500\target\samples\sample_code\system\tutorial_shooting_game_trc_compliant\common\save_data_manager.h">
      <Filter>Header Files</Filter>
    </ClInclude>
    <ClInclude Include="..\..\..\..\SCE\ORBIS SDKs\5.500\target\samples\sample_code\system\tutorial_shooting_game_trc_compliant\common\service.h">
      <Filter>Header Files</Filter>
    </ClInclude>
    <ClInclude Include="..\..\..\..\SCE\ORBIS SDKs\5.500\target\samples\sample_code\system\tutorial_shooting_game_trc_compliant\common\setting_window.h">
      <Filter>Header Files</Filter>
    </ClInclude>
    <ClInclude Include="..\..\..\..\SCE\ORBIS SDKs\5.500\target\samples\sample_code\system\tutorial_shooting_game_trc_compliant\common\sound_manager.h">
      <Filter>Header Files</Filter>
    </ClInclude>
    <ClInclude Include="..\..\..\..\SCE\ORBIS SDKs\5.500\target\samples\sample_code\system\tutorial_shooting_game_trc_compliant\common\string_util.h">
      <Filter>Header Files</Filter>
    </ClInclude>
    <ClInclude Include="..\..\..\..\SCE\ORBIS SDKs\5.500\target\samples\sample_code\system\tutorial_shooting_game_trc_compliant\common\thread_util.h">
      <Filter>Header Files</Filter>
    </ClInclude>
    <ClInclude Include="..\..\..\..\SCE\ORBIS SDKs\5.500\target\samples\sample_code\system\tutorial_shooting_game_trc_compliant\common\top_level_hud.h">
      <Filter>Header Files</Filter>
    </ClInclude>
    <ClInclude Include="..\..\..\..\SCE\ORBIS SDKs\5.500\target\samples\sample_code\system\tutorial_shooting_game_trc_compliant\common\trophy_manager.h">
      <Filter>Header Files</Filter>
    </ClInclude>
    <ClInclude Include="..\..\..\..\SCE\ORBIS SDKs\5.500\target\samples\sample_code\system\tutorial_shooting_game_trc_compliant\common\ui.h">
      <Filter>Header Files</Filter>
    </ClInclude>
    <ClInclude Include="..\..\..\..\SCE\ORBIS SDKs\5.500\target\samples\sample_code\system\tutorial_shooting_game_trc_compliant\common\user_entry_manager.h">
      <Filter>Header Files</Filter>
    </ClInclude>
    <ClInclude Include="..\..\..\..\SCE\ORBIS SDKs\5.500\target\samples\sample_code\system\tutorial_shooting_game_trc_compliant\common\util.h">
      <Filter>Header Files</Filter>
    </ClInclude>
    <ClInclude Include="..\..\..\..\SCE\ORBIS SDKs\5.500\target\samples\sample_code\system\tutorial_shooting_game_trc_compliant\single_user\game_scene.h">
      <Filter>Header Files</Filter>
    </ClInclude>
    <ClInclude Include="..\..\..\..\SCE\ORBIS SDKs\5.500\target\samples\sample_code\system\tutorial_shooting_game_trc_compliant\single_user\player_save_data.h">
      <Filter>Header Files</Filter>
    </ClInclude>
  </ItemGroup>
  <ItemGroup>
    <ClCompile Include="src\main.cpp">
      <Filter>Source Files</Filter>
    </ClCompile>
    <ClCompile Include="src\Puzzle\Block.cpp">
      <Filter>Source Files</Filter>
    </ClCompile>
    <ClCompile Include="src\Puzzle\BobsGame.cpp">
      <Filter>Source Files</Filter>
    </ClCompile>
    <ClCompile Include="src\Puzzle\GameLogic.cpp">
      <Filter>Source Files</Filter>
    </ClCompile>
    <ClCompile Include="src\Puzzle\Grid.cpp">
      <Filter>Source Files</Filter>
    </ClCompile>
    <ClCompile Include="src\Puzzle\Piece.cpp">
      <Filter>Source Files</Filter>
    </ClCompile>
    <ClCompile Include="src\Utility\audio\AudioManager.cpp">
      <Filter>Source Files</Filter>
    </ClCompile>
    <ClCompile Include="src\Utility\AssetData.cpp">
      <Filter>Source Files</Filter>
    </ClCompile>
    <ClCompile Include="src\Utility\ControlsManager.cpp">
      <Filter>Source Files</Filter>
    </ClCompile>
    <ClCompile Include="src\Utility\System.cpp">
      <Filter>Source Files</Filter>
    </ClCompile>
    <ClCompile Include="src\Utility\gl\GLUtils.cpp">
      <Filter>Source Files</Filter>
    </ClCompile>
    <ClCompile Include="src\Engine\cinematics\CinematicsManager.cpp">
      <Filter>Source Files</Filter>
    </ClCompile>
    <ClCompile Include="src\Engine\cinematics\Letterbox.cpp">
      <Filter>Source Files</Filter>
    </ClCompile>
    <ClCompile Include="src\Engine\cinematics\ScreenOverlay.cpp">
      <Filter>Source Files</Filter>
    </ClCompile>
    <ClCompile Include="src\Engine\entity\Cameraman.cpp">
      <Filter>Source Files</Filter>
    </ClCompile>
    <ClCompile Include="src\Engine\entity\Character.cpp">
      <Filter>Source Files</Filter>
    </ClCompile>
    <ClCompile Include="src\Engine\entity\Entity.cpp">
      <Filter>Source Files</Filter>
    </ClCompile>
    <ClCompile Include="src\Engine\entity\PathFinder.cpp">
      <Filter>Source Files</Filter>
    </ClCompile>
    <ClCompile Include="src\Engine\entity\RandomCharacter.cpp">
      <Filter>Source Files</Filter>
    </ClCompile>
    <ClCompile Include="src\Engine\entity\ScreenSprite.cpp">
      <Filter>Source Files</Filter>
    </ClCompile>
    <ClCompile Include="src\Engine\entity\SpriteAnimationSequence.cpp">
      <Filter>Source Files</Filter>
    </ClCompile>
    <ClCompile Include="src\Engine\entity\SpriteData.cpp">
      <Filter>Source Files</Filter>
    </ClCompile>
    <ClCompile Include="src\Engine\entity\SpriteManager.cpp">
      <Filter>Source Files</Filter>
    </ClCompile>
    <ClCompile Include="src\Engine\map\Area.cpp">
      <Filter>Source Files</Filter>
    </ClCompile>
    <ClCompile Include="src\Engine\map\AreaData.cpp">
      <Filter>Source Files</Filter>
    </ClCompile>
    <ClCompile Include="src\Engine\map\Door.cpp">
      <Filter>Source Files</Filter>
    </ClCompile>
    <ClCompile Include="src\Engine\map\DoorData.cpp">
      <Filter>Source Files</Filter>
    </ClCompile>
    <ClCompile Include="src\Engine\map\EntityData.cpp">
      <Filter>Source Files</Filter>
    </ClCompile>
    <ClCompile Include="src\Engine\map\Light.cpp">
      <Filter>Source Files</Filter>
    </ClCompile>
    <ClCompile Include="src\Engine\map\LightData.cpp">
      <Filter>Source Files</Filter>
    </ClCompile>
    <ClCompile Include="src\Engine\map\Map.cpp">
      <Filter>Source Files</Filter>
    </ClCompile>
    <ClCompile Include="src\Engine\map\MapData.cpp">
      <Filter>Source Files</Filter>
    </ClCompile>
    <ClCompile Include="src\Engine\map\MapManager.cpp">
      <Filter>Source Files</Filter>
    </ClCompile>
    <ClCompile Include="src\Engine\map\MapState.cpp">
      <Filter>Source Files</Filter>
    </ClCompile>
    <ClCompile Include="src\Engine\map\MapStateData.cpp">
      <Filter>Source Files</Filter>
    </ClCompile>
    <ClCompile Include="src\Engine\map\WarpArea.cpp">
      <Filter>Source Files</Filter>
    </ClCompile>
    <ClCompile Include="src\Engine\state\StateManager.cpp">
      <Filter>Source Files</Filter>
    </ClCompile>
    <ClCompile Include="src\Engine\state\TitleScreenState.cpp">
      <Filter>Source Files</Filter>
    </ClCompile>
    <ClCompile Include="src\Engine\text\TextManager.cpp">
      <Filter>Source Files</Filter>
    </ClCompile>
    <ClCompile Include="src\Engine\text\TextWindow.cpp">
      <Filter>Source Files</Filter>
    </ClCompile>
    <ClCompile Include="src\Engine\Engine.cpp">
      <Filter>Source Files</Filter>
    </ClCompile>
    <ClCompile Include="src\Engine\EnginePart.cpp">
      <Filter>Source Files</Filter>
    </ClCompile>
    <ClCompile Include="src\Utility\System.cpp">
      <Filter>Source Files</Filter>
    </ClCompile>
    <ClCompile Include="src\Utility\Easing.cpp">
      <Filter>Source Files</Filter>
    </ClCompile>
    <ClCompile Include="src\Utility\audio\Sound.cpp">
      <Filter>Source Files</Filter>
    </ClCompile>
    <ClCompile Include="src\Engine\state\YouWillBeNotifiedState.cpp">
      <Filter>Source Files</Filter>
    </ClCompile>
    <ClCompile Include="src\Engine\state\CreateNewAccountState.cpp">
      <Filter>Source Files</Filter>
    </ClCompile>
    <ClCompile Include="src\Engine\state\LoggedOutState.cpp">
      <Filter>Source Files</Filter>
    </ClCompile>
    <ClCompile Include="src\Engine\state\ServersHaveShutDownState.cpp">
      <Filter>Source Files</Filter>
    </ClCompile>
    <ClCompile Include="src\Utility\FileUtils.cpp">
      <Filter>Source Files</Filter>
    </ClCompile>
    <ClCompile Include="src\Utility\ConsoleText.cpp">
      <Filter>Source Files</Filter>
    </ClCompile>
    <ClCompile Include="src\Utility\Logger.cpp">
      <Filter>Source Files</Filter>
    </ClCompile>
    <ClCompile Include="src\Utility\BobBool.cpp">
      <Filter>Source Files</Filter>
    </ClCompile>
    <ClCompile Include="src\Utility\BufferedImage.cpp">
      <Filter>Source Files</Filter>
    </ClCompile>
    <ClCompile Include="src\Utility\Color.cpp">
      <Filter>Source Files</Filter>
    </ClCompile>
    <ClCompile Include="lib\HQ2X\HQ2X.cpp">
      <Filter>Source Files</Filter>
    </ClCompile>
    <ClCompile Include="src\Utility\BobFont.cpp">
      <Filter>Source Files</Filter>
    </ClCompile>
    <ClCompile Include="src\Utility\Caption.cpp">
      <Filter>Source Files</Filter>
    </ClCompile>
    <ClCompile Include="src\Utility\CaptionManager.cpp">
      <Filter>Source Files</Filter>
    </ClCompile>
    <ClCompile Include="src\Engine\nd\ndmenu\wheelitem\NDMenuInfoPanel.cpp">
      <Filter>Source Files</Filter>
    </ClCompile>
    <ClCompile Include="src\Engine\nd\ndmenu\wheelitem\NDMenuMovie.cpp">
      <Filter>Source Files</Filter>
    </ClCompile>
    <ClCompile Include="src\Engine\nd\ndmenu\wheelitem\NDMenuWheelItem.cpp">
      <Filter>Source Files</Filter>
    </ClCompile>
    <ClCompile Include="src\Engine\nd\ndmenu\NDMenu.cpp">
      <Filter>Source Files</Filter>
    </ClCompile>
    <ClCompile Include="src\Engine\nd\ndmenu\NDMenuBackground.cpp">
      <Filter>Source Files</Filter>
    </ClCompile>
    <ClCompile Include="src\Engine\nd\ndmenu\NDMenuWheel.cpp">
      <Filter>Source Files</Filter>
    </ClCompile>
    <ClCompile Include="src\Engine\nd\ping\Ping.cpp">
      <Filter>Source Files</Filter>
    </ClCompile>
    <ClCompile Include="src\Engine\nd\ping\PingBackground.cpp">
      <Filter>Source Files</Filter>
    </ClCompile>
    <ClCompile Include="src\Engine\nd\ping\PingBall.cpp">
      <Filter>Source Files</Filter>
    </ClCompile>
    <ClCompile Include="src\Engine\nd\ping\PingPaddle.cpp">
      <Filter>Source Files</Filter>
    </ClCompile>
    <ClCompile Include="src\Engine\nd\ramio\Ramio.cpp">
      <Filter>Source Files</Filter>
    </ClCompile>
    <ClCompile Include="src\Engine\nd\ramio\RamioBackground.cpp">
      <Filter>Source Files</Filter>
    </ClCompile>
    <ClCompile Include="src\Engine\nd\ramio\RamioBlock.cpp">
      <Filter>Source Files</Filter>
    </ClCompile>
    <ClCompile Include="src\Engine\nd\ramio\RamioBoba.cpp">
      <Filter>Source Files</Filter>
    </ClCompile>
    <ClCompile Include="src\Engine\nd\ramio\RamioBrickBlock.cpp">
      <Filter>Source Files</Filter>
    </ClCompile>
    <ClCompile Include="src\Engine\nd\ramio\RamioGuy.cpp">
      <Filter>Source Files</Filter>
    </ClCompile>
    <ClCompile Include="src\Engine\nd\ramio\RamioMoneyBlock.cpp">
      <Filter>Source Files</Filter>
    </ClCompile>
    <ClCompile Include="src\Engine\nd\GameDataLoader.cpp">
      <Filter>Source Files</Filter>
    </ClCompile>
    <ClCompile Include="src\Engine\nd\ND.cpp">
      <Filter>Source Files</Filter>
    </ClCompile>
    <ClCompile Include="src\Engine\nd\NDGameEngine.cpp">
      <Filter>Source Files</Filter>
    </ClCompile>
    <ClCompile Include="src\Engine\stadium\BobsGameStadium.cpp">
      <Filter>Source Files</Filter>
    </ClCompile>
    <ClCompile Include="src\Engine\stadium\StadiumScreen.cpp">
      <Filter>Source Files</Filter>
    </ClCompile>
    <ClCompile Include="src\Engine\MiniGameEngine.cpp">
      <Filter>Source Files</Filter>
    </ClCompile>
    <ClCompile Include="src\Engine\rpg\gui\gameStore\GameItem.cpp">
      <Filter>Source Files</Filter>
    </ClCompile>
    <ClCompile Include="src\Engine\rpg\gui\gameStore\GameStore.cpp">
      <Filter>Source Files</Filter>
    </ClCompile>
    <ClCompile Include="src\Engine\rpg\gui\statusbar\buttons\GameStoreButton.cpp">
      <Filter>Source Files</Filter>
    </ClCompile>
    <ClCompile Include="src\Engine\rpg\gui\statusbar\buttons\NDButton.cpp">
      <Filter>Source Files</Filter>
    </ClCompile>
    <ClCompile Include="src\Engine\rpg\gui\statusbar\buttons\StatusBarButton.cpp">
      <Filter>Source Files</Filter>
    </ClCompile>
    <ClCompile Include="src\Engine\rpg\gui\statusbar\buttons\StuffButton.cpp">
      <Filter>Source Files</Filter>
    </ClCompile>
    <ClCompile Include="src\Engine\rpg\gui\statusbar\captions\ClockCaption.cpp">
      <Filter>Source Files</Filter>
    </ClCompile>
    <ClCompile Include="src\Engine\rpg\gui\statusbar\captions\DayCaption.cpp">
      <Filter>Source Files</Filter>
    </ClCompile>
    <ClCompile Include="src\Engine\rpg\gui\statusbar\captions\MoneyCaption.cpp">
      <Filter>Source Files</Filter>
    </ClCompile>
    <ClCompile Include="src\Engine\rpg\gui\statusbar\captions\StatusBarCaption.cpp">
      <Filter>Source Files</Filter>
    </ClCompile>
    <ClCompile Include="src\Engine\rpg\gui\statusbar\notification\Notification.cpp">
      <Filter>Source Files</Filter>
    </ClCompile>
    <ClCompile Include="src\Engine\rpg\gui\statusbar\NotificationManager.cpp">
      <Filter>Source Files</Filter>
    </ClCompile>
    <ClCompile Include="src\Engine\rpg\gui\statusbar\StatusBar.cpp">
      <Filter>Source Files</Filter>
    </ClCompile>
    <ClCompile Include="src\Engine\rpg\gui\stuffMenu\subMenus\ControlsPanel.cpp">
      <Filter>Source Files</Filter>
    </ClCompile>
    <ClCompile Include="src\Engine\rpg\gui\stuffMenu\subMenus\DebugInfoPanel.cpp">
      <Filter>Source Files</Filter>
    </ClCompile>
    <ClCompile Include="src\Engine\rpg\gui\stuffMenu\subMenus\FriendsPanel.cpp">
      <Filter>Source Files</Filter>
    </ClCompile>
    <ClCompile Include="src\Engine\rpg\gui\stuffMenu\subMenus\ItemsPanel.cpp">
      <Filter>Source Files</Filter>
    </ClCompile>
    <ClCompile Include="src\Engine\rpg\gui\stuffMenu\subMenus\LogsPanel.cpp">
      <Filter>Source Files</Filter>
    </ClCompile>
    <ClCompile Include="src\Engine\rpg\gui\stuffMenu\subMenus\MessagesPanel.cpp">
      <Filter>Source Files</Filter>
    </ClCompile>
    <ClCompile Include="src\Engine\rpg\gui\stuffMenu\subMenus\SettingsPanel.cpp">
      <Filter>Source Files</Filter>
    </ClCompile>
    <ClCompile Include="src\Engine\rpg\gui\stuffMenu\subMenus\StatusPanel.cpp">
      <Filter>Source Files</Filter>
    </ClCompile>
    <ClCompile Include="src\Engine\rpg\gui\stuffMenu\StuffMenu.cpp">
      <Filter>Source Files</Filter>
    </ClCompile>
    <ClCompile Include="src\Engine\rpg\gui\stuffMenu\SubPanel.cpp">
      <Filter>Source Files</Filter>
    </ClCompile>
    <ClCompile Include="src\Engine\rpg\gui\CountryCodes.cpp">
      <Filter>Source Files</Filter>
    </ClCompile>
    <ClCompile Include="src\Engine\rpg\gui\GameChallengeNotificationPanel.cpp">
      <Filter>Source Files</Filter>
    </ClCompile>
    <ClCompile Include="src\Engine\rpg\gui\GUIManager.cpp">
      <Filter>Source Files</Filter>
    </ClCompile>
    <ClCompile Include="src\Engine\rpg\gui\MenuPanel.cpp">
      <Filter>Source Files</Filter>
    </ClCompile>
    <ClCompile Include="src\Engine\rpg\gui\PlayerEditMenu.cpp">
      <Filter>Source Files</Filter>
    </ClCompile>
    <ClCompile Include="src\Engine\rpg\Clock.cpp">
      <Filter>Source Files</Filter>
    </ClCompile>
    <ClCompile Include="src\Engine\rpg\EasingTest.cpp">
      <Filter>Source Files</Filter>
    </ClCompile>
    <ClCompile Include="src\Engine\rpg\FriendCharacter.cpp">
      <Filter>Source Files</Filter>
    </ClCompile>
    <ClCompile Include="src\Engine\rpg\FriendManager.cpp">
      <Filter>Source Files</Filter>
    </ClCompile>
    <ClCompile Include="src\Engine\rpg\Item.cpp">
      <Filter>Source Files</Filter>
    </ClCompile>
    <ClCompile Include="src\Engine\rpg\Player.cpp">
      <Filter>Source Files</Filter>
    </ClCompile>
    <ClCompile Include="src\Engine\rpg\Wallet.cpp">
      <Filter>Source Files</Filter>
    </ClCompile>
    <ClCompile Include="src\Engine\network\ServerObject.cpp">
      <Filter>Source Files</Filter>
    </ClCompile>
    <ClCompile Include="src\Engine\rpg\event\ActionManager.cpp">
      <Filter>Source Files</Filter>
    </ClCompile>
    <ClCompile Include="src\Engine\rpg\event\Dialogue.cpp">
      <Filter>Source Files</Filter>
    </ClCompile>
    <ClCompile Include="src\Engine\rpg\event\DialogueData.cpp">
      <Filter>Source Files</Filter>
    </ClCompile>
    <ClCompile Include="src\Engine\rpg\event\EventCommand.cpp">
      <Filter>Source Files</Filter>
    </ClCompile>
    <ClCompile Include="src\Engine\rpg\event\EventData.cpp">
      <Filter>Source Files</Filter>
    </ClCompile>
    <ClCompile Include="src\Engine\rpg\event\EventManager.cpp">
      <Filter>Source Files</Filter>
    </ClCompile>
    <ClCompile Include="src\Engine\rpg\event\EventParameter.cpp">
      <Filter>Source Files</Filter>
    </ClCompile>
    <ClCompile Include="src\Engine\rpg\event\Flag.cpp">
      <Filter>Source Files</Filter>
    </ClCompile>
    <ClCompile Include="src\Engine\rpg\event\FlagData.cpp">
      <Filter>Source Files</Filter>
    </ClCompile>
    <ClCompile Include="src\Engine\rpg\event\GameString.cpp">
      <Filter>Source Files</Filter>
    </ClCompile>
    <ClCompile Include="src\Engine\rpg\event\GameStringData.cpp">
      <Filter>Source Files</Filter>
    </ClCompile>
    <ClCompile Include="src\Engine\rpg\event\Skill.cpp">
      <Filter>Source Files</Filter>
    </ClCompile>
    <ClCompile Include="src\Engine\rpg\event\SkillData.cpp">
      <Filter>Source Files</Filter>
    </ClCompile>
    <ClCompile Include="src\Engine\rpg\BGClientEngine.cpp">
      <Filter>Source Files</Filter>
    </ClCompile>
    <ClCompile Include="src\Utility\BobMath.cpp">
      <Filter>Source Files</Filter>
    </ClCompile>
    <ClCompile Include="src\Utility\BobString.cpp">
      <Filter>Source Files</Filter>
    </ClCompile>
    <ClCompile Include="src\Engine\network\TCPServerConnection.cpp">
      <Filter>Source Files</Filter>
    </ClCompile>
    <ClCompile Include="src\Engine\network\UDPPeerConnection.cpp">
      <Filter>Source Files</Filter>
    </ClCompile>
    <ClCompile Include="src\Engine\network\BobNet.cpp">
      <Filter>Source Files</Filter>
    </ClCompile>
    <ClCompile Include="src\Engine\network\GameSave.cpp">
      <Filter>Source Files</Filter>
    </ClCompile>
    <ClCompile Include="lib\miniz-master\timer.cpp">
      <Filter>Source Files</Filter>
    </ClCompile>
    <ClCompile Include="lib\miniz-master\tinfl.c">
      <Filter>Source Files</Filter>
    </ClCompile>
    <ClCompile Include="src\Puzzle\CustomGameEditor.cpp">
      <Filter>Source Files</Filter>
    </ClCompile>
    <ClCompile Include="src\Puzzle\GameSequenceEditor.cpp">
      <Filter>Source Files</Filter>
    </ClCompile>
    <ClCompile Include="src\Puzzle\GameType.cpp">
      <Filter>Source Files</Filter>
    </ClCompile>
    <ClCompile Include="src\Puzzle\BobsGameMenus.cpp">
      <Filter>Source Files</Filter>
    </ClCompile>
    <ClCompile Include="src\Puzzle\BobsGameNetwork.cpp">
      <Filter>Source Files</Filter>
    </ClCompile>
    <ClCompile Include="src\Puzzle\GameSequence.cpp">
      <Filter>Source Files</Filter>
    </ClCompile>
    <ClCompile Include="src\Puzzle\GameTestMenu.cpp">
      <Filter>Source Files</Filter>
    </ClCompile>
    <ClCompile Include="src\Utility\BobMenu.cpp">
      <Filter>Source Files</Filter>
    </ClCompile>
    <ClCompile Include="lib\md5.cpp">
      <Filter>Source Files</Filter>
    </ClCompile>
    <ClCompile Include="lib\lz4-1.7.5\lib\lz4.c">
      <Filter>Source Files</Filter>
    </ClCompile>
    <ClCompile Include="lib\lz4-1.7.5\lib\lz4frame.c">
      <Filter>Source Files</Filter>
    </ClCompile>
    <ClCompile Include="lib\lz4-1.7.5\lib\lz4hc.c">
      <Filter>Source Files</Filter>
    </ClCompile>
    <ClCompile Include="lib\lz4-1.7.5\lib\xxhash.c">
      <Filter>Source Files</Filter>
    </ClCompile>
    <ClCompile Include="src\Utility\audio\AudioFile.cpp">
      <Filter>Source Files</Filter>
    </ClCompile>
    <ClCompile Include="src\Utility\audio\AudioData.cpp">
      <Filter>Source Files</Filter>
    </ClCompile>
    <ClCompile Include="src\Engine\state\LoginState.cpp">
      <Filter>Source Files</Filter>
    </ClCompile>
    <ClCompile Include="src\Engine\state\LogoState.cpp">
      <Filter>Source Files</Filter>
    </ClCompile>
    <ClCompile Include="src\Engine\state\GlowTileBackgroundMenuPanel.cpp">
      <Filter>Source Files</Filter>
    </ClCompile>
    <ClCompile Include="src\Engine\state\KeyboardMenuPanel.cpp">
      <Filter>Source Files</Filter>
    </ClCompile>
    <ClCompile Include="src\Engine\state\LegalMenuPanel.cpp">
      <Filter>Source Files</Filter>
    </ClCompile>
    <ClCompile Include="lib\GWEN-master\gwen\src\input\gwen_input_sdl2.cpp">
      <Filter>Source Files</Filter>
    </ClCompile>
    <ClCompile Include="lib\glew-2.0.0\src\glew.c">
      <Filter>Source Files</Filter>
    </ClCompile>
    <ClCompile Include="lib\GWEN-master\gwen\src\Input\GwenInputPS4.cpp">
      <Filter>Source Files</Filter>
    </ClCompile>
    <ClCompile Include="src\Engine\rpg\event\BobEvent.cpp">
      <Filter>Source Files</Filter>
    </ClCompile>
    <ClCompile Include="C:\SCE\ORBIS SDKs\5.500\target\samples\sample_code\input_output_devices\api_pad_mouse\basic\api_mouse.cpp">
      <Filter>Source Files</Filter>
    </ClCompile>
    <ClCompile Include="C:\SCE\ORBIS SDKs\5.500\target\samples\sample_code\common\source\sampleutil\audio\ngs\ngs_audio_util.cpp">
      <Filter>Source Files</Filter>
    </ClCompile>
    <ClCompile Include="C:\SCE\ORBIS SDKs\5.500\target\samples\sample_code\common\source\sampleutil\audio\ngs\ngs_buss.cpp">
      <Filter>Source Files</Filter>
    </ClCompile>
    <ClCompile Include="C:\SCE\ORBIS SDKs\5.500\target\samples\sample_code\common\source\sampleutil\audio\ngs\ngs_context.cpp">
      <Filter>Source Files</Filter>
    </ClCompile>
    <ClCompile Include="C:\SCE\ORBIS SDKs\5.500\target\samples\sample_code\common\source\sampleutil\audio\ngs\ngs_data.cpp">
      <Filter>Source Files</Filter>
    </ClCompile>
    <ClCompile Include="C:\SCE\ORBIS SDKs\5.500\target\samples\sample_code\common\source\sampleutil\audio\ngs\ngs_module.cpp">
      <Filter>Source Files</Filter>
    </ClCompile>
    <ClCompile Include="C:\SCE\ORBIS SDKs\5.500\target\samples\sample_code\common\source\sampleutil\audio\ngs\ngs_stream.cpp">
      <Filter>Source Files</Filter>
    </ClCompile>
    <ClCompile Include="C:\SCE\ORBIS SDKs\5.500\target\samples\sample_code\common\source\sampleutil\audio\ngs\ngs_voice.cpp">
      <Filter>Source Files</Filter>
    </ClCompile>
    <ClCompile Include="C:\SCE\ORBIS SDKs\5.500\target\samples\sample_code\common\source\sampleutil\audio\ngs\ngs_worker_thread.cpp">
      <Filter>Source Files</Filter>
    </ClCompile>
    <ClCompile Include="C:\SCE\ORBIS SDKs\5.500\target\samples\sample_code\common\source\sampleutil\audio\ngs2\ngs2_context.cpp">
      <Filter>Source Files</Filter>
    </ClCompile>
    <ClCompile Include="C:\SCE\ORBIS SDKs\5.500\target\samples\sample_code\common\source\sampleutil\audio\ngs2\ngs2_data.cpp">
      <Filter>Source Files</Filter>
    </ClCompile>
    <ClCompile Include="C:\SCE\ORBIS SDKs\5.500\target\samples\sample_code\common\source\sampleutil\audio\ngs2\ngs2_rack.cpp">
      <Filter>Source Files</Filter>
    </ClCompile>
    <ClCompile Include="C:\SCE\ORBIS SDKs\5.500\target\samples\sample_code\common\source\sampleutil\audio\ngs2\ngs2_stream.cpp">
      <Filter>Source Files</Filter>
    </ClCompile>
    <ClCompile Include="C:\SCE\ORBIS SDKs\5.500\target\samples\sample_code\common\source\sampleutil\audio\ngs2\ngs2_thread.cpp">
      <Filter>Source Files</Filter>
    </ClCompile>
    <ClCompile Include="C:\SCE\ORBIS SDKs\5.500\target\samples\sample_code\common\source\sampleutil\audio\ngs2\ngs2_voice.cpp">
      <Filter>Source Files</Filter>
    </ClCompile>
    <ClCompile Include="C:\SCE\ORBIS SDKs\5.500\target\samples\sample_code\common\source\sampleutil\audio\audio.cpp">
      <Filter>Source Files</Filter>
    </ClCompile>
    <ClCompile Include="C:\SCE\ORBIS SDKs\5.500\target\samples\sample_code\common\source\sampleutil\audio\audio_data.cpp">
      <Filter>Source Files</Filter>
    </ClCompile>
    <ClCompile Include="C:\SCE\ORBIS SDKs\5.500\target\samples\sample_code\common\source\sampleutil\debug\debug_menu_item_group.cpp">
      <Filter>Source Files</Filter>
    </ClCompile>
    <ClCompile Include="C:\SCE\ORBIS SDKs\5.500\target\samples\sample_code\common\source\sampleutil\debug\menu.cpp">
      <Filter>Source Files</Filter>
    </ClCompile>
    <ClCompile Include="C:\SCE\ORBIS SDKs\5.500\target\samples\sample_code\common\source\sampleutil\graphics\collada\dae\dae_animation.cpp">
      <Filter>Source Files</Filter>
    </ClCompile>
    <ClCompile Include="C:\SCE\ORBIS SDKs\5.500\target\samples\sample_code\common\source\sampleutil\graphics\collada\dae\dae_control.cpp">
      <Filter>Source Files</Filter>
    </ClCompile>
    <ClCompile Include="C:\SCE\ORBIS SDKs\5.500\target\samples\sample_code\common\source\sampleutil\graphics\collada\dae\dae_data_flow.cpp">
      <Filter>Source Files</Filter>
    </ClCompile>
    <ClCompile Include="C:\SCE\ORBIS SDKs\5.500\target\samples\sample_code\common\source\sampleutil\graphics\collada\dae\dae_effect.cpp">
      <Filter>Source Files</Filter>
    </ClCompile>
    <ClCompile Include="C:\SCE\ORBIS SDKs\5.500\target\samples\sample_code\common\source\sampleutil\graphics\collada\dae\dae_geom.cpp">
      <Filter>Source Files</Filter>
    </ClCompile>
    <ClCompile Include="C:\SCE\ORBIS SDKs\5.500\target\samples\sample_code\common\source\sampleutil\graphics\collada\dae\dae_geometry.cpp">
      <Filter>Source Files</Filter>
    </ClCompile>
    <ClCompile Include="C:\SCE\ORBIS SDKs\5.500\target\samples\sample_code\common\source\sampleutil\graphics\collada\dae\dae_scene.cpp">
      <Filter>Source Files</Filter>
    </ClCompile>
    <ClCompile Include="C:\SCE\ORBIS SDKs\5.500\target\samples\sample_code\common\source\sampleutil\graphics\collada\dae\dae_transform.cpp">
      <Filter>Source Files</Filter>
    </ClCompile>
    <ClCompile Include="C:\SCE\ORBIS SDKs\5.500\target\samples\sample_code\common\source\sampleutil\graphics\collada\collada.cpp">
      <Filter>Source Files</Filter>
    </ClCompile>
    <ClCompile Include="C:\SCE\ORBIS SDKs\5.500\target\samples\sample_code\common\source\sampleutil\graphics\collada\collada_animation.cpp">
      <Filter>Source Files</Filter>
    </ClCompile>
    <ClCompile Include="C:\SCE\ORBIS SDKs\5.500\target\samples\sample_code\common\source\sampleutil\graphics\collada\collada_base.cpp">
      <Filter>Source Files</Filter>
    </ClCompile>
    <ClCompile Include="C:\SCE\ORBIS SDKs\5.500\target\samples\sample_code\common\source\sampleutil\graphics\collada\collada_controller.cpp">
      <Filter>Source Files</Filter>
    </ClCompile>
    <ClCompile Include="C:\SCE\ORBIS SDKs\5.500\target\samples\sample_code\common\source\sampleutil\graphics\collada\collada_effect.cpp">
      <Filter>Source Files</Filter>
    </ClCompile>
    <ClCompile Include="C:\SCE\ORBIS SDKs\5.500\target\samples\sample_code\common\source\sampleutil\graphics\collada\collada_geometry.cpp">
      <Filter>Source Files</Filter>
    </ClCompile>
    <ClCompile Include="C:\SCE\ORBIS SDKs\5.500\target\samples\sample_code\common\source\sampleutil\graphics\collada\collada_image.cpp">
      <Filter>Source Files</Filter>
    </ClCompile>
    <ClCompile Include="C:\SCE\ORBIS SDKs\5.500\target\samples\sample_code\common\source\sampleutil\graphics\collada\collada_scene.cpp">
      <Filter>Source Files</Filter>
    </ClCompile>
    <ClCompile Include="C:\SCE\ORBIS SDKs\5.500\target\samples\sample_code\common\source\sampleutil\graphics\collada\collada_util.cpp">
      <Filter>Source Files</Filter>
    </ClCompile>
    <ClCompile Include="C:\SCE\ORBIS SDKs\5.500\target\samples\sample_code\common\source\sampleutil\graphics\platform_gnm\buffer_gnm.cpp">
      <Filter>Source Files</Filter>
    </ClCompile>
    <ClCompile Include="C:\SCE\ORBIS SDKs\5.500\target\samples\sample_code\common\source\sampleutil\graphics\platform_gnm\constant_gnm.cpp">
      <Filter>Source Files</Filter>
    </ClCompile>
    <ClCompile Include="C:\SCE\ORBIS SDKs\5.500\target\samples\sample_code\common\source\sampleutil\graphics\platform_gnm\context_gnm.cpp">
      <Filter>Source Files</Filter>
    </ClCompile>
    <ClCompile Include="C:\SCE\ORBIS SDKs\5.500\target\samples\sample_code\common\source\sampleutil\graphics\platform_gnm\font_orbis.cpp">
      <Filter>Source Files</Filter>
    </ClCompile>
    <ClCompile Include="C:\SCE\ORBIS SDKs\5.500\target\samples\sample_code\common\source\sampleutil\graphics\platform_gnm\frame_buffer_gnm.cpp">
      <Filter>Source Files</Filter>
    </ClCompile>
    <ClCompile Include="C:\SCE\ORBIS SDKs\5.500\target\samples\sample_code\common\source\sampleutil\graphics\platform_gnm\heap_gnm.cpp">
      <Filter>Source Files</Filter>
    </ClCompile>
    <ClCompile Include="C:\SCE\ORBIS SDKs\5.500\target\samples\sample_code\common\source\sampleutil\graphics\platform_gnm\image_gnm.cpp">
      <Filter>Source Files</Filter>
    </ClCompile>
    <ClCompile Include="C:\SCE\ORBIS SDKs\5.500\target\samples\sample_code\common\source\sampleutil\graphics\platform_gnm\loader_gnm.cpp">
      <Filter>Source Files</Filter>
    </ClCompile>
    <ClCompile Include="C:\SCE\ORBIS SDKs\5.500\target\samples\sample_code\common\source\sampleutil\graphics\platform_gnm\memory_gnm.cpp">
      <Filter>Source Files</Filter>
    </ClCompile>
    <ClCompile Include="C:\SCE\ORBIS SDKs\5.500\target\samples\sample_code\common\source\sampleutil\graphics\platform_gnm\program_gnm.cpp">
      <Filter>Source Files</Filter>
    </ClCompile>
    <ClCompile Include="C:\SCE\ORBIS SDKs\5.500\target\samples\sample_code\common\source\sampleutil\graphics\platform_gnm\render_target_gnm.cpp">
      <Filter>Source Files</Filter>
    </ClCompile>
    <ClCompile Include="C:\SCE\ORBIS SDKs\5.500\target\samples\sample_code\common\source\sampleutil\graphics\platform_gnm\shader_loader_gnm.cpp">
      <Filter>Source Files</Filter>
    </ClCompile>
    <ClCompile Include="C:\SCE\ORBIS SDKs\5.500\target\samples\sample_code\common\source\sampleutil\graphics\platform_gnm\texture_gnm.cpp">
      <Filter>Source Files</Filter>
    </ClCompile>
    <ClCompile Include="C:\SCE\ORBIS SDKs\5.500\target\samples\sample_code\common\source\sampleutil\graphics\buffer.cpp">
      <Filter>Source Files</Filter>
    </ClCompile>
    <ClCompile Include="C:\SCE\ORBIS SDKs\5.500\target\samples\sample_code\common\source\sampleutil\graphics\effect.cpp">
      <Filter>Source Files</Filter>
    </ClCompile>
    <ClCompile Include="C:\SCE\ORBIS SDKs\5.500\target\samples\sample_code\common\source\sampleutil\graphics\font.cpp">
      <Filter>Source Files</Filter>
    </ClCompile>
    <ClCompile Include="C:\SCE\ORBIS SDKs\5.500\target\samples\sample_code\common\source\sampleutil\graphics\frame_buffer.cpp">
      <Filter>Source Files</Filter>
    </ClCompile>
    <ClCompile Include="C:\SCE\ORBIS SDKs\5.500\target\samples\sample_code\common\source\sampleutil\graphics\image.cpp">
      <Filter>Source Files</Filter>
    </ClCompile>
    <ClCompile Include="C:\SCE\ORBIS SDKs\5.500\target\samples\sample_code\common\source\sampleutil\graphics\loader.cpp">
      <Filter>Source Files</Filter>
    </ClCompile>
    <ClCompile Include="C:\SCE\ORBIS SDKs\5.500\target\samples\sample_code\common\source\sampleutil\graphics\program.cpp">
      <Filter>Source Files</Filter>
    </ClCompile>
    <ClCompile Include="C:\SCE\ORBIS SDKs\5.500\target\samples\sample_code\common\source\sampleutil\graphics\sprite_effect_2d.cpp">
      <Filter>Source Files</Filter>
    </ClCompile>
    <ClCompile Include="C:\SCE\ORBIS SDKs\5.500\target\samples\sample_code\common\source\sampleutil\input\orbis\pad_orbis.cpp">
      <Filter>Source Files</Filter>
    </ClCompile>
    <ClCompile Include="C:\SCE\ORBIS SDKs\5.500\target\samples\sample_code\common\source\sampleutil\input\controller_common.cpp">
      <Filter>Source Files</Filter>
    </ClCompile>
    <ClCompile Include="C:\SCE\ORBIS SDKs\5.500\target\samples\sample_code\common\source\sampleutil\input\pad_common.cpp">
      <Filter>Source Files</Filter>
    </ClCompile>
    <ClCompile Include="C:\SCE\ORBIS SDKs\5.500\target\samples\sample_code\common\source\sampleutil\resource\dllmain.cpp">
      <Filter>Source Files</Filter>
    </ClCompile>
    <ClCompile Include="C:\SCE\ORBIS SDKs\5.500\target\samples\sample_code\common\source\sampleutil\system\orbis\save_data_orbis.cpp">
      <Filter>Source Files</Filter>
    </ClCompile>
    <ClCompile Include="C:\SCE\ORBIS SDKs\5.500\target\samples\sample_code\common\source\sampleutil\system\orbis\user_orbis.cpp">
      <Filter>Source Files</Filter>
    </ClCompile>
    <ClCompile Include="C:\SCE\ORBIS SDKs\5.500\target\samples\sample_code\common\source\sampleutil\util\util_streaming.cpp">
      <Filter>Source Files</Filter>
    </ClCompile>
    <ClCompile Include="C:\SCE\ORBIS SDKs\5.500\target\samples\sample_code\common\source\sampleutil\sampleutil_common.cpp">
      <Filter>Source Files</Filter>
    </ClCompile>
    <ClCompile Include="C:\SCE\ORBIS SDKs\5.500\target\samples\sample_code\common\source\sampleutil\skeleton.cpp">
      <Filter>Source Files</Filter>
    </ClCompile>
    <ClCompile Include="C:\SCE\ORBIS SDKs\5.500\target\samples\sample_code\common\source\sampleutil\debug\console.cpp">
      <Filter>Source Files</Filter>
    </ClCompile>
    <ClCompile Include="C:\SCE\ORBIS SDKs\5.500\target\samples\sample_code\common\source\sampleutil\graphics\sprite.cpp">
      <Filter>Source Files</Filter>
    </ClCompile>
    <ClCompile Include="C:\SCE\ORBIS SDKs\5.500\target\samples\sample_code\common\source\sampleutil\graphics\texture.cpp">
      <Filter>Source Files</Filter>
    </ClCompile>
    <ClCompile Include="src\orbis\SDL\SDL_blit.c">
      <Filter>Source Files</Filter>
    </ClCompile>
    <ClCompile Include="src\orbis\SDL\SDL_blit_0.c">
      <Filter>Source Files</Filter>
    </ClCompile>
    <ClCompile Include="src\orbis\SDL\SDL_blit_1.c">
      <Filter>Source Files</Filter>
    </ClCompile>
    <ClCompile Include="src\orbis\SDL\SDL_blit_A.c">
      <Filter>Source Files</Filter>
    </ClCompile>
    <ClCompile Include="src\orbis\SDL\SDL_blit_auto.c">
      <Filter>Source Files</Filter>
    </ClCompile>
    <ClCompile Include="src\orbis\SDL\SDL_blit_copy.c">
      <Filter>Source Files</Filter>
    </ClCompile>
    <ClCompile Include="src\orbis\SDL\SDL_blit_N.c">
      <Filter>Source Files</Filter>
    </ClCompile>
    <ClCompile Include="src\orbis\SDL\SDL_blit_slow.c">
      <Filter>Source Files</Filter>
    </ClCompile>
    <ClCompile Include="src\orbis\SDL\SDL_fillrect.c">
      <Filter>Source Files</Filter>
    </ClCompile>
    <ClCompile Include="src\orbis\SDL\SDL_pixels.c">
      <Filter>Source Files</Filter>
    </ClCompile>
    <ClCompile Include="src\orbis\SDL\SDL_rect.c">
      <Filter>Source Files</Filter>
    </ClCompile>
    <ClCompile Include="src\orbis\SDL\SDL_RLEaccel.c">
      <Filter>Source Files</Filter>
    </ClCompile>
    <ClCompile Include="src\orbis\SDL\SDL_rwops.c">
      <Filter>Source Files</Filter>
    </ClCompile>
    <ClCompile Include="src\orbis\SDL\SDL_surface.c">
      <Filter>Source Files</Filter>
    </ClCompile>
    <ClCompile Include="src\orbis\SDL\SDL_ttf.c">
      <Filter>Source Files</Filter>
    </ClCompile>
    <ClCompile Include="src\Utility\BobConsole.cpp">
      <Filter>Source Files</Filter>
    </ClCompile>
    <ClCompile Include="src\Engine\entity\BobSprite.cpp">
      <Filter>Source Files</Filter>
    </ClCompile>
    <ClCompile Include="src\Utility\gl\BobTexture.cpp">
      <Filter>Source Files</Filter>
    </ClCompile>
    <ClCompile Include="..\..\..\..\SCE\ORBIS SDKs\5.500\target\samples\sample_code\system\tutorial_shooting_game_trc_compliant\common\animation.cpp">
      <Filter>Source Files</Filter>
    </ClCompile>
    <ClCompile Include="..\..\..\..\SCE\ORBIS SDKs\5.500\target\samples\sample_code\system\tutorial_shooting_game_trc_compliant\common\app_data_service.cpp">
      <Filter>Source Files</Filter>
    </ClCompile>
    <ClCompile Include="..\..\..\..\SCE\ORBIS SDKs\5.500\target\samples\sample_code\system\tutorial_shooting_game_trc_compliant\common\av_util.cpp">
      <Filter>Source Files</Filter>
    </ClCompile>
    <ClCompile Include="..\..\..\..\SCE\ORBIS SDKs\5.500\target\samples\sample_code\system\tutorial_shooting_game_trc_compliant\common\camera_util.cpp">
      <Filter>Source Files</Filter>
    </ClCompile>
    <ClCompile Include="..\..\..\..\SCE\ORBIS SDKs\5.500\target\samples\sample_code\system\tutorial_shooting_game_trc_compliant\common\config.cpp">
      <Filter>Source Files</Filter>
    </ClCompile>
    <ClCompile Include="..\..\..\..\SCE\ORBIS SDKs\5.500\target\samples\sample_code\system\tutorial_shooting_game_trc_compliant\common\debug_window.cpp">
      <Filter>Source Files</Filter>
    </ClCompile>
    <ClCompile Include="..\..\..\..\SCE\ORBIS SDKs\5.500\target\samples\sample_code\system\tutorial_shooting_game_trc_compliant\common\dialog.cpp">
      <Filter>Source Files</Filter>
    </ClCompile>
    <ClCompile Include="..\..\..\..\SCE\ORBIS SDKs\5.500\target\samples\sample_code\system\tutorial_shooting_game_trc_compliant\common\event.cpp">
      <Filter>Source Files</Filter>
    </ClCompile>
    <ClCompile Include="..\..\..\..\SCE\ORBIS SDKs\5.500\target\samples\sample_code\system\tutorial_shooting_game_trc_compliant\common\game.cpp">
      <Filter>Source Files</Filter>
    </ClCompile>
    <ClCompile Include="..\..\..\..\SCE\ORBIS SDKs\5.500\target\samples\sample_code\system\tutorial_shooting_game_trc_compliant\common\game_log_manager.cpp">
      <Filter>Source Files</Filter>
    </ClCompile>
    <ClCompile Include="..\..\..\..\SCE\ORBIS SDKs\5.500\target\samples\sample_code\system\tutorial_shooting_game_trc_compliant\common\game_object.cpp">
      <Filter>Source Files</Filter>
    </ClCompile>
    <ClCompile Include="..\..\..\..\SCE\ORBIS SDKs\5.500\target\samples\sample_code\system\tutorial_shooting_game_trc_compliant\common\input_device_manager.cpp">
      <Filter>Source Files</Filter>
    </ClCompile>
    <ClCompile Include="..\..\..\..\SCE\ORBIS SDKs\5.500\target\samples\sample_code\system\tutorial_shooting_game_trc_compliant\common\live_and_video_service.cpp">
      <Filter>Source Files</Filter>
    </ClCompile>
    <ClCompile Include="..\..\..\..\SCE\ORBIS SDKs\5.500\target\samples\sample_code\system\tutorial_shooting_game_trc_compliant\common\lua_util.cpp">
      <Filter>Source Files</Filter>
    </ClCompile>
    <ClCompile Include="..\..\..\..\SCE\ORBIS SDKs\5.500\target\samples\sample_code\system\tutorial_shooting_game_trc_compliant\common\network_util.cpp">
      <Filter>Source Files</Filter>
    </ClCompile>
    <ClCompile Include="..\..\..\..\SCE\ORBIS SDKs\5.500\target\samples\sample_code\system\tutorial_shooting_game_trc_compliant\common\np_score_ranking.cpp">
      <Filter>Source Files</Filter>
    </ClCompile>
    <ClCompile Include="..\..\..\..\SCE\ORBIS SDKs\5.500\target\samples\sample_code\system\tutorial_shooting_game_trc_compliant\common\pad_tracker_util.cpp">
      <Filter>Source Files</Filter>
    </ClCompile>
    <ClCompile Include="..\..\..\..\SCE\ORBIS SDKs\5.500\target\samples\sample_code\system\tutorial_shooting_game_trc_compliant\common\play_style.cpp">
      <Filter>Source Files</Filter>
    </ClCompile>
    <ClCompile Include="..\..\..\..\SCE\ORBIS SDKs\5.500\target\samples\sample_code\system\tutorial_shooting_game_trc_compliant\common\player_manager.cpp">
      <Filter>Source Files</Filter>
    </ClCompile>
    <ClCompile Include="..\..\..\..\SCE\ORBIS SDKs\5.500\target\samples\sample_code\system\tutorial_shooting_game_trc_compliant\common\psarc_util.cpp">
      <Filter>Source Files</Filter>
    </ClCompile>
    <ClCompile Include="..\..\..\..\SCE\ORBIS SDKs\5.500\target\samples\sample_code\system\tutorial_shooting_game_trc_compliant\common\save_data_manager.cpp">
      <Filter>Source Files</Filter>
    </ClCompile>
    <ClCompile Include="..\..\..\..\SCE\ORBIS SDKs\5.500\target\samples\sample_code\system\tutorial_shooting_game_trc_compliant\common\service.cpp">
      <Filter>Source Files</Filter>
    </ClCompile>
    <ClCompile Include="..\..\..\..\SCE\ORBIS SDKs\5.500\target\samples\sample_code\system\tutorial_shooting_game_trc_compliant\common\setting_window.cpp">
      <Filter>Source Files</Filter>
    </ClCompile>
    <ClCompile Include="..\..\..\..\SCE\ORBIS SDKs\5.500\target\samples\sample_code\system\tutorial_shooting_game_trc_compliant\common\sound_manager.cpp">
      <Filter>Source Files</Filter>
    </ClCompile>
    <ClCompile Include="..\..\..\..\SCE\ORBIS SDKs\5.500\target\samples\sample_code\system\tutorial_shooting_game_trc_compliant\common\thread_util.cpp">
      <Filter>Source Files</Filter>
    </ClCompile>
    <ClCompile Include="..\..\..\..\SCE\ORBIS SDKs\5.500\target\samples\sample_code\system\tutorial_shooting_game_trc_compliant\common\top_level_hud.cpp">
      <Filter>Source Files</Filter>
    </ClCompile>
    <ClCompile Include="..\..\..\..\SCE\ORBIS SDKs\5.500\target\samples\sample_code\system\tutorial_shooting_game_trc_compliant\common\trophy_manager.cpp">
      <Filter>Source Files</Filter>
    </ClCompile>
    <ClCompile Include="..\..\..\..\SCE\ORBIS SDKs\5.500\target\samples\sample_code\system\tutorial_shooting_game_trc_compliant\common\ui.cpp">
      <Filter>Source Files</Filter>
    </ClCompile>
    <ClCompile Include="..\..\..\..\SCE\ORBIS SDKs\5.500\target\samples\sample_code\system\tutorial_shooting_game_trc_compliant\common\user_entry_manager.cpp">
      <Filter>Source Files</Filter>
    </ClCompile>
    <ClCompile Include="..\..\..\..\SCE\ORBIS SDKs\5.500\target\samples\sample_code\system\tutorial_shooting_game_trc_compliant\single_user\game_scene.cpp">
      <Filter>Source Files</Filter>
    </ClCompile>
    <ClCompile Include="..\..\..\..\SCE\ORBIS SDKs\5.500\target\samples\sample_code\system\tutorial_shooting_game_trc_compliant\single_user\player_save_data.cpp">
      <Filter>Source Files</Filter>
    </ClCompile>
    <ClCompile Include="stdafx.cpp">
      <Filter>Source Files</Filter>
    </ClCompile>
    <ClCompile Include="..\..\..\..\SCE\ORBIS SDKs\5.500\target\samples\sample_code\system\tutorial_shooting_game_trc_compliant\common\util_common.cpp">
      <Filter>Source Files</Filter>
    </ClCompile>
    <ClCompile Include="..\..\..\..\SCE\ORBIS SDKs\5.500\target\samples\sample_code\system\tutorial_shooting_game_trc_compliant\common\resource_manager_common.cpp">
      <Filter>Source Files</Filter>
    </ClCompile>
    <ClCompile Include="..\..\..\..\SCE\ORBIS SDKs\5.500\target\samples\sample_code\common\source\sampleutil\util\util.cpp">
      <Filter>Source Files</Filter>
    </ClCompile>
    <ClCompile Include="..\..\..\..\SCE\ORBIS SDKs\5.500\target\samples\sample_code\common\source\sampleutil\resource\resource_manager.cpp">
      <Filter>Source Files</Filter>
    </ClCompile>
  </ItemGroup>
  <ItemGroup>
    <ResourceCompile Include="bobsgame.rc">
      <Filter>Resource Files</Filter>
    </ResourceCompile>
    <ResourceCompile Include="C:\SCE\ORBIS SDKs\5.500\target\samples\sample_code\common\source\sampleutil\resource\libSceSampleUtil.rc">
      <Filter>Resource Files</Filter>
    </ResourceCompile>
  </ItemGroup>
  <ItemGroup>
    <Image Include="small.ico">
      <Filter>Resource Files</Filter>
    </Image>
  </ItemGroup>
  <ItemGroup>
    <None Include="lib\SDL2_gfx-1.0.1\SDL2_gfx-1.0.1\SDL2_gfx.pc.in" />
  </ItemGroup>
  <ItemGroup>
    <CustomBuild Include="C:\SCE\ORBIS SDKs\5.500\target\samples\sample_code\common\source\sampleutil\resource\sampleutil_wireframe_f.cg" />
    <CustomBuild Include="C:\SCE\ORBIS SDKs\5.500\target\samples\sample_code\common\source\sampleutil\resource\sampleutil_wireframe_v.cg" />
    <CustomBuild Include="C:\SCE\ORBIS SDKs\5.500\target\samples\sample_code\common\source\sampleutil\resource\sampleutil_ascii.tga" />
    <CustomBuild Include="C:\SCE\ORBIS SDKs\5.500\target\samples\sample_code\common\source\sampleutil\resource\sampleutil_fill2d_f.pssl" />
    <CustomBuild Include="C:\SCE\ORBIS SDKs\5.500\target\samples\sample_code\common\source\sampleutil\resource\sampleutil_fill2d_v.pssl" />
    <CustomBuild Include="C:\SCE\ORBIS SDKs\5.500\target\samples\sample_code\common\source\sampleutil\resource\sampleutil_clear_p.pssl" />
    <CustomBuild Include="C:\SCE\ORBIS SDKs\5.500\target\samples\sample_code\common\source\sampleutil\resource\sampleutil_clear_vv.pssl" />
    <CustomBuild Include="C:\SCE\ORBIS SDKs\5.500\target\samples\sample_code\common\source\sampleutil\resource\sampleutil_point_sprite2d_f.pssl" />
    <CustomBuild Include="C:\SCE\ORBIS SDKs\5.500\target\samples\sample_code\common\source\sampleutil\resource\sampleutil_point_sprite2d_v.pssl" />
    <CustomBuild Include="C:\SCE\ORBIS SDKs\5.500\target\samples\sample_code\common\source\sampleutil\resource\sampleutil_sprite2d_f.pssl" />
    <CustomBuild Include="C:\SCE\ORBIS SDKs\5.500\target\samples\sample_code\common\source\sampleutil\resource\sampleutil_sprite2d_v.pssl" />
    <CustomBuild Include="C:\SCE\ORBIS SDKs\5.500\target\samples\sample_code\common\source\sampleutil\resource\sampleutil_collada_skinning_phong_f.pssl" />
    <CustomBuild Include="C:\SCE\ORBIS SDKs\5.500\target\samples\sample_code\common\source\sampleutil\resource\sampleutil_collada_skinning_phong_v.pssl" />
    <CustomBuild Include="C:\SCE\ORBIS SDKs\5.500\target\samples\sample_code\common\source\sampleutil\resource\sampleutil_sprite2d_2_f.pssl" />
    <CustomBuild Include="C:\SCE\ORBIS SDKs\5.500\target\samples\sample_code\common\source\sampleutil\resource\sampleutil_sprite2d_2_v.pssl" />
    <CustomBuild Include="C:\SCE\ORBIS SDKs\5.500\target\samples\sample_code\common\source\sampleutil\resource\sampleutil_sprite2d_yuy2_f.pssl" />
    <CustomBuild Include="C:\SCE\ORBIS SDKs\5.500\target\samples\sample_code\common\source\sampleutil\resource\sampleutil_sprite2d_yuy2_v.pssl" />
    <CustomBuild Include="C:\SCE\ORBIS SDKs\5.500\target\samples\sample_code\common\source\sampleutil\resource\sampleutil_fill3d_f.pssl" />
    <CustomBuild Include="C:\SCE\ORBIS SDKs\5.500\target\samples\sample_code\common\source\sampleutil\resource\sampleutil_fill3d_v.pssl" />
    <CustomBuild Include="C:\SCE\ORBIS SDKs\5.500\target\samples\sample_code\common\source\sampleutil\resource\sampleutil_wireframe_f.pssl" />
    <CustomBuild Include="C:\SCE\ORBIS SDKs\5.500\target\samples\sample_code\common\source\sampleutil\resource\sampleutil_wireframe_v.pssl" />
    <CustomBuild Include="C:\SCE\ORBIS SDKs\5.500\target\samples\sample_code\common\source\sampleutil\resource\sampleutil_sprite2d_ycbcr_f.pssl" />
    <CustomBuild Include="C:\SCE\ORBIS SDKs\5.500\target\samples\sample_code\common\source\sampleutil\resource\sampleutil_sprite2d_ycbcr_v.pssl" />
  </ItemGroup>
</Project>