<?xml version="1.0" encoding="utf-8"?>
<Project ToolsVersion="16.0" xmlns="http://schemas.microsoft.com/developer/msbuild/2003">
  <ItemGroup>
    <CustomBuild Include="C:\Users\hyper\workspace\okgame\CMakeFiles\c0b9aba22684283ba3ef299e4dd551e5\generate.stamp.rule">
      <Filter>CMake Rules</Filter>
    </CustomBuild>
  </ItemGroup>
  <ItemGroup>
    <Filter Include="CMake Rules">
      <UniqueIdentifier>{4475F7D2-A3DE-30C7-BEEE-C6B02A61F584}</UniqueIdentifier>
    </Filter>
  </ItemGroup>
</Project>
